
Microsoft Visual Studio Solution File, Format Version 12.00
# Visual Studio 14
VisualStudioVersion = 14.0.25123.0
MinimumVisualStudioVersion = 10.0.40219.1
Project("{2150E333-8FDC-42A3-9474-1A3956D46DE8}") = "Solution Items", "Solution Items", "{15DF677A-5A7D-4926-A06B-83C8B24BD46E}"
	ProjectSection(SolutionItems) = preProject
		Framework\Version.cs = Framework\Version.cs
	EndProjectSection
EndProject
Project("{FAE04EC0-301F-11D3-BF4B-00C04F79EFBC}") = "Framework.Tests", "Framework\Tests\Framework.Tests.csproj", "{1A506B0D-1D3F-47A8-A3DD-225D35B0CCDF}"
EndProject
Project("{FAE04EC0-301F-11D3-BF4B-00C04F79EFBC}") = "Framework.Common", "Framework\Common\Framework.Common.csproj", "{70068E07-298E-435C-9623-4141BDEAC4D0}"
EndProject
Project("{FAE04EC0-301F-11D3-BF4B-00C04F79EFBC}") = "Framework.Client", "Framework\Client\Framework.Client.csproj", "{6DDFEDE9-27DA-4A67-80BD-53AFFF7D8A7A}"
EndProject
Project("{FAE04EC0-301F-11D3-BF4B-00C04F79EFBC}") = "Framework.Infrastructure", "Framework\Infrastructure\Framework.Infrastructure.csproj", "{C13C821F-CF91-43D1-BBC3-6D0BB62732B5}"
EndProject
Project("{FAE04EC0-301F-11D3-BF4B-00C04F79EFBC}") = "Framework.Interfaces", "Framework\Services\Framework.Interfaces.csproj", "{4545AA51-B436-4D91-BCDE-19AFCB294F5C}"
EndProject
Project("{2150E333-8FDC-42A3-9474-1A3956D46DE8}") = "Framework", "Framework", "{79E13728-28B8-46E6-9AEE-874AE9C32D44}"
EndProject
Project("{2150E333-8FDC-42A3-9474-1A3956D46DE8}") = "Modules", "Modules", "{1F5C5A06-4D6C-4AAC-9AB5-F10E5B3D99EC}"
EndProject
Project("{2150E333-8FDC-42A3-9474-1A3956D46DE8}") = "AccessControl", "AccessControl", "{91B8D37F-DB67-47B8-8DC9-CA2B4071132A}"
EndProject
Project("{FAE04EC0-301F-11D3-BF4B-00C04F79EFBC}") = "AccessControl.Domain", "Modules\AccessControl\Domain\AccessControl.Domain.csproj", "{53B04BB7-734F-4A79-A73A-579F75082A67}"
EndProject
Project("{FAE04EC0-301F-11D3-BF4B-00C04F79EFBC}") = "AccessControl.Engine", "Modules\AccessControl\Engine\AccessControl.Engine.csproj", "{D82A16D0-B813-4A71-93A9-0752A549E197}"
EndProject
Project("{2150E333-8FDC-42A3-9474-1A3956D46DE8}") = "Management", "Management", "{9BD895A1-3DF2-447F-9086-6F85F72ACB7B}"
EndProject
Project("{FAE04EC0-301F-11D3-BF4B-00C04F79EFBC}") = "Management.Domain", "Modules\Management\Domain\Management.Domain.csproj", "{A11C1439-E356-4D86-82D5-03F4576E3D6E}"
EndProject
Project("{FAE04EC0-301F-11D3-BF4B-00C04F79EFBC}") = "Management.Engine", "Modules\Management\Engine\Management.Engine.csproj", "{AC82FE86-A127-4131-9270-4B43618276EB}"
EndProject
Project("{2150E333-8FDC-42A3-9474-1A3956D46DE8}") = "Data", "Data", "{B98250ED-8F98-42A7-983C-95CC4C28B25A}"
EndProject
Project("{FAE04EC0-301F-11D3-BF4B-00C04F79EFBC}") = "Data.Domain", "Modules\Data\Domain\Data.Domain.csproj", "{561ED4B1-AB29-47E9-9A27-FED89A0EC079}"
EndProject
Project("{FAE04EC0-301F-11D3-BF4B-00C04F79EFBC}") = "Data.Engine", "Modules\Data\Engine\Data.Engine.csproj", "{8A8B8472-101D-41D7-B7EC-48DCBAA778BF}"
EndProject
Project("{FAE04EC0-301F-11D3-BF4B-00C04F79EFBC}") = "Data.Contracts", "Modules\Data\Data.Shared\Data.Contracts.csproj", "{599629CF-B009-43F0-A44E-CF2C20150BBA}"
EndProject
Project("{FAE04EC0-301F-11D3-BF4B-00C04F79EFBC}") = "Management.Contracts", "Modules\Management\Management.Shared\Management.Contracts.csproj", "{A3065B16-FE4D-4B25-B9F7-2AB2A89D5DAD}"
EndProject
Project("{FAE04EC0-301F-11D3-BF4B-00C04F79EFBC}") = "AccessControl.Messages", "Modules\AccessControl\AccessControl.Contracts\AccessControl.Messages.csproj", "{55876580-B0E0-4508-B1EF-E30F5C6E0106}"
EndProject
Project("{FAE04EC0-301F-11D3-BF4B-00C04F79EFBC}") = "API", "API\API.csproj", "{4339FEF1-CFF6-4C9C-827A-6628E8D5669D}"
EndProject
Project("{FAE04EC0-301F-11D3-BF4B-00C04F79EFBC}") = "Sandbox", "Sandbox\Sandbox.csproj", "{B5A6B1EE-4D6E-471C-8AA1-0D11EFE62C89}"
EndProject
Global
	GlobalSection(SolutionConfigurationPlatforms) = preSolution
		Debug|Any CPU = Debug|Any CPU
		Debug|x64 = Debug|x64
		Release|Any CPU = Release|Any CPU
		Release|x64 = Release|x64
	EndGlobalSection
	GlobalSection(ProjectConfigurationPlatforms) = postSolution
		{1A506B0D-1D3F-47A8-A3DD-225D35B0CCDF}.Debug|Any CPU.ActiveCfg = Debug|Any CPU
		{1A506B0D-1D3F-47A8-A3DD-225D35B0CCDF}.Debug|Any CPU.Build.0 = Debug|Any CPU
		{1A506B0D-1D3F-47A8-A3DD-225D35B0CCDF}.Debug|x64.ActiveCfg = Debug|Any CPU
		{1A506B0D-1D3F-47A8-A3DD-225D35B0CCDF}.Debug|x64.Build.0 = Debug|Any CPU
		{1A506B0D-1D3F-47A8-A3DD-225D35B0CCDF}.Release|Any CPU.ActiveCfg = Release|Any CPU
		{1A506B0D-1D3F-47A8-A3DD-225D35B0CCDF}.Release|Any CPU.Build.0 = Release|Any CPU
		{1A506B0D-1D3F-47A8-A3DD-225D35B0CCDF}.Release|x64.ActiveCfg = Release|Any CPU
		{1A506B0D-1D3F-47A8-A3DD-225D35B0CCDF}.Release|x64.Build.0 = Release|Any CPU
		{70068E07-298E-435C-9623-4141BDEAC4D0}.Debug|Any CPU.ActiveCfg = Debug|Any CPU
		{70068E07-298E-435C-9623-4141BDEAC4D0}.Debug|Any CPU.Build.0 = Debug|Any CPU
		{70068E07-298E-435C-9623-4141BDEAC4D0}.Debug|x64.ActiveCfg = Debug|Any CPU
		{70068E07-298E-435C-9623-4141BDEAC4D0}.Debug|x64.Build.0 = Debug|Any CPU
		{70068E07-298E-435C-9623-4141BDEAC4D0}.Release|Any CPU.ActiveCfg = Release|Any CPU
		{70068E07-298E-435C-9623-4141BDEAC4D0}.Release|Any CPU.Build.0 = Release|Any CPU
		{70068E07-298E-435C-9623-4141BDEAC4D0}.Release|x64.ActiveCfg = Release|Any CPU
		{70068E07-298E-435C-9623-4141BDEAC4D0}.Release|x64.Build.0 = Release|Any CPU
		{6DDFEDE9-27DA-4A67-80BD-53AFFF7D8A7A}.Debug|Any CPU.ActiveCfg = Debug|Any CPU
		{6DDFEDE9-27DA-4A67-80BD-53AFFF7D8A7A}.Debug|Any CPU.Build.0 = Debug|Any CPU
		{6DDFEDE9-27DA-4A67-80BD-53AFFF7D8A7A}.Debug|x64.ActiveCfg = Debug|Any CPU
		{6DDFEDE9-27DA-4A67-80BD-53AFFF7D8A7A}.Debug|x64.Build.0 = Debug|Any CPU
		{6DDFEDE9-27DA-4A67-80BD-53AFFF7D8A7A}.Release|Any CPU.ActiveCfg = Release|Any CPU
		{6DDFEDE9-27DA-4A67-80BD-53AFFF7D8A7A}.Release|Any CPU.Build.0 = Release|Any CPU
		{6DDFEDE9-27DA-4A67-80BD-53AFFF7D8A7A}.Release|x64.ActiveCfg = Release|Any CPU
		{6DDFEDE9-27DA-4A67-80BD-53AFFF7D8A7A}.Release|x64.Build.0 = Release|Any CPU
		{C13C821F-CF91-43D1-BBC3-6D0BB62732B5}.Debug|Any CPU.ActiveCfg = Debug|Any CPU
		{C13C821F-CF91-43D1-BBC3-6D0BB62732B5}.Debug|Any CPU.Build.0 = Debug|Any CPU
		{C13C821F-CF91-43D1-BBC3-6D0BB62732B5}.Debug|x64.ActiveCfg = Debug|Any CPU
		{C13C821F-CF91-43D1-BBC3-6D0BB62732B5}.Debug|x64.Build.0 = Debug|Any CPU
		{C13C821F-CF91-43D1-BBC3-6D0BB62732B5}.Release|Any CPU.ActiveCfg = Release|Any CPU
		{C13C821F-CF91-43D1-BBC3-6D0BB62732B5}.Release|Any CPU.Build.0 = Release|Any CPU
		{C13C821F-CF91-43D1-BBC3-6D0BB62732B5}.Release|x64.ActiveCfg = Release|Any CPU
		{C13C821F-CF91-43D1-BBC3-6D0BB62732B5}.Release|x64.Build.0 = Release|Any CPU
		{4545AA51-B436-4D91-BCDE-19AFCB294F5C}.Debug|Any CPU.ActiveCfg = Debug|Any CPU
		{4545AA51-B436-4D91-BCDE-19AFCB294F5C}.Debug|Any CPU.Build.0 = Debug|Any CPU
		{4545AA51-B436-4D91-BCDE-19AFCB294F5C}.Debug|x64.ActiveCfg = Debug|Any CPU
		{4545AA51-B436-4D91-BCDE-19AFCB294F5C}.Debug|x64.Build.0 = Debug|Any CPU
		{4545AA51-B436-4D91-BCDE-19AFCB294F5C}.Release|Any CPU.ActiveCfg = Release|Any CPU
		{4545AA51-B436-4D91-BCDE-19AFCB294F5C}.Release|Any CPU.Build.0 = Release|Any CPU
		{4545AA51-B436-4D91-BCDE-19AFCB294F5C}.Release|x64.ActiveCfg = Release|Any CPU
		{4545AA51-B436-4D91-BCDE-19AFCB294F5C}.Release|x64.Build.0 = Release|Any CPU
		{53B04BB7-734F-4A79-A73A-579F75082A67}.Debug|Any CPU.ActiveCfg = Debug|Any CPU
		{53B04BB7-734F-4A79-A73A-579F75082A67}.Debug|Any CPU.Build.0 = Debug|Any CPU
		{53B04BB7-734F-4A79-A73A-579F75082A67}.Debug|x64.ActiveCfg = Debug|Any CPU
		{53B04BB7-734F-4A79-A73A-579F75082A67}.Debug|x64.Build.0 = Debug|Any CPU
		{53B04BB7-734F-4A79-A73A-579F75082A67}.Release|Any CPU.ActiveCfg = Release|Any CPU
		{53B04BB7-734F-4A79-A73A-579F75082A67}.Release|Any CPU.Build.0 = Release|Any CPU
		{53B04BB7-734F-4A79-A73A-579F75082A67}.Release|x64.ActiveCfg = Release|Any CPU
		{53B04BB7-734F-4A79-A73A-579F75082A67}.Release|x64.Build.0 = Release|Any CPU
		{D82A16D0-B813-4A71-93A9-0752A549E197}.Debug|Any CPU.ActiveCfg = Debug|Any CPU
		{D82A16D0-B813-4A71-93A9-0752A549E197}.Debug|Any CPU.Build.0 = Debug|Any CPU
		{D82A16D0-B813-4A71-93A9-0752A549E197}.Debug|x64.ActiveCfg = Debug|Any CPU
		{D82A16D0-B813-4A71-93A9-0752A549E197}.Debug|x64.Build.0 = Debug|Any CPU
		{D82A16D0-B813-4A71-93A9-0752A549E197}.Release|Any CPU.ActiveCfg = Release|Any CPU
		{D82A16D0-B813-4A71-93A9-0752A549E197}.Release|Any CPU.Build.0 = Release|Any CPU
		{D82A16D0-B813-4A71-93A9-0752A549E197}.Release|x64.ActiveCfg = Release|Any CPU
		{D82A16D0-B813-4A71-93A9-0752A549E197}.Release|x64.Build.0 = Release|Any CPU
		{A11C1439-E356-4D86-82D5-03F4576E3D6E}.Debug|Any CPU.ActiveCfg = Debug|Any CPU
		{A11C1439-E356-4D86-82D5-03F4576E3D6E}.Debug|Any CPU.Build.0 = Debug|Any CPU
		{A11C1439-E356-4D86-82D5-03F4576E3D6E}.Debug|x64.ActiveCfg = Debug|Any CPU
		{A11C1439-E356-4D86-82D5-03F4576E3D6E}.Debug|x64.Build.0 = Debug|Any CPU
		{A11C1439-E356-4D86-82D5-03F4576E3D6E}.Release|Any CPU.ActiveCfg = Release|Any CPU
		{A11C1439-E356-4D86-82D5-03F4576E3D6E}.Release|Any CPU.Build.0 = Release|Any CPU
		{A11C1439-E356-4D86-82D5-03F4576E3D6E}.Release|x64.ActiveCfg = Release|Any CPU
		{A11C1439-E356-4D86-82D5-03F4576E3D6E}.Release|x64.Build.0 = Release|Any CPU
		{AC82FE86-A127-4131-9270-4B43618276EB}.Debug|Any CPU.ActiveCfg = Debug|Any CPU
		{AC82FE86-A127-4131-9270-4B43618276EB}.Debug|Any CPU.Build.0 = Debug|Any CPU
		{AC82FE86-A127-4131-9270-4B43618276EB}.Debug|x64.ActiveCfg = Debug|Any CPU
		{AC82FE86-A127-4131-9270-4B43618276EB}.Debug|x64.Build.0 = Debug|Any CPU
		{AC82FE86-A127-4131-9270-4B43618276EB}.Release|Any CPU.ActiveCfg = Release|Any CPU
		{AC82FE86-A127-4131-9270-4B43618276EB}.Release|Any CPU.Build.0 = Release|Any CPU
		{AC82FE86-A127-4131-9270-4B43618276EB}.Release|x64.ActiveCfg = Release|Any CPU
		{AC82FE86-A127-4131-9270-4B43618276EB}.Release|x64.Build.0 = Release|Any CPU
		{561ED4B1-AB29-47E9-9A27-FED89A0EC079}.Debug|Any CPU.ActiveCfg = Debug|Any CPU
		{561ED4B1-AB29-47E9-9A27-FED89A0EC079}.Debug|Any CPU.Build.0 = Debug|Any CPU
		{561ED4B1-AB29-47E9-9A27-FED89A0EC079}.Debug|x64.ActiveCfg = Debug|Any CPU
		{561ED4B1-AB29-47E9-9A27-FED89A0EC079}.Debug|x64.Build.0 = Debug|Any CPU
		{561ED4B1-AB29-47E9-9A27-FED89A0EC079}.Release|Any CPU.ActiveCfg = Release|Any CPU
		{561ED4B1-AB29-47E9-9A27-FED89A0EC079}.Release|Any CPU.Build.0 = Release|Any CPU
		{561ED4B1-AB29-47E9-9A27-FED89A0EC079}.Release|x64.ActiveCfg = Release|Any CPU
		{561ED4B1-AB29-47E9-9A27-FED89A0EC079}.Release|x64.Build.0 = Release|Any CPU
		{8A8B8472-101D-41D7-B7EC-48DCBAA778BF}.Debug|Any CPU.ActiveCfg = Debug|Any CPU
		{8A8B8472-101D-41D7-B7EC-48DCBAA778BF}.Debug|Any CPU.Build.0 = Debug|Any CPU
		{8A8B8472-101D-41D7-B7EC-48DCBAA778BF}.Debug|x64.ActiveCfg = Debug|Any CPU
		{8A8B8472-101D-41D7-B7EC-48DCBAA778BF}.Debug|x64.Build.0 = Debug|Any CPU
		{8A8B8472-101D-41D7-B7EC-48DCBAA778BF}.Release|Any CPU.ActiveCfg = Release|Any CPU
		{8A8B8472-101D-41D7-B7EC-48DCBAA778BF}.Release|Any CPU.Build.0 = Release|Any CPU
		{8A8B8472-101D-41D7-B7EC-48DCBAA778BF}.Release|x64.ActiveCfg = Release|Any CPU
		{8A8B8472-101D-41D7-B7EC-48DCBAA778BF}.Release|x64.Build.0 = Release|Any CPU
		{599629CF-B009-43F0-A44E-CF2C20150BBA}.Debug|Any CPU.ActiveCfg = Debug|Any CPU
		{599629CF-B009-43F0-A44E-CF2C20150BBA}.Debug|Any CPU.Build.0 = Debug|Any CPU
		{599629CF-B009-43F0-A44E-CF2C20150BBA}.Debug|x64.ActiveCfg = Debug|Any CPU
		{599629CF-B009-43F0-A44E-CF2C20150BBA}.Debug|x64.Build.0 = Debug|Any CPU
		{599629CF-B009-43F0-A44E-CF2C20150BBA}.Release|Any CPU.ActiveCfg = Release|Any CPU
		{599629CF-B009-43F0-A44E-CF2C20150BBA}.Release|Any CPU.Build.0 = Release|Any CPU
		{599629CF-B009-43F0-A44E-CF2C20150BBA}.Release|x64.ActiveCfg = Release|Any CPU
		{599629CF-B009-43F0-A44E-CF2C20150BBA}.Release|x64.Build.0 = Release|Any CPU
		{A3065B16-FE4D-4B25-B9F7-2AB2A89D5DAD}.Debug|Any CPU.ActiveCfg = Debug|Any CPU
		{A3065B16-FE4D-4B25-B9F7-2AB2A89D5DAD}.Debug|Any CPU.Build.0 = Debug|Any CPU
		{A3065B16-FE4D-4B25-B9F7-2AB2A89D5DAD}.Debug|x64.ActiveCfg = Debug|Any CPU
		{A3065B16-FE4D-4B25-B9F7-2AB2A89D5DAD}.Debug|x64.Build.0 = Debug|Any CPU
		{A3065B16-FE4D-4B25-B9F7-2AB2A89D5DAD}.Release|Any CPU.ActiveCfg = Release|Any CPU
		{A3065B16-FE4D-4B25-B9F7-2AB2A89D5DAD}.Release|Any CPU.Build.0 = Release|Any CPU
		{A3065B16-FE4D-4B25-B9F7-2AB2A89D5DAD}.Release|x64.ActiveCfg = Release|Any CPU
		{A3065B16-FE4D-4B25-B9F7-2AB2A89D5DAD}.Release|x64.Build.0 = Release|Any CPU
		{55876580-B0E0-4508-B1EF-E30F5C6E0106}.Debug|Any CPU.ActiveCfg = Debug|Any CPU
		{55876580-B0E0-4508-B1EF-E30F5C6E0106}.Debug|Any CPU.Build.0 = Debug|Any CPU
		{55876580-B0E0-4508-B1EF-E30F5C6E0106}.Debug|x64.ActiveCfg = Debug|Any CPU
		{55876580-B0E0-4508-B1EF-E30F5C6E0106}.Debug|x64.Build.0 = Debug|Any CPU
		{55876580-B0E0-4508-B1EF-E30F5C6E0106}.Release|Any CPU.ActiveCfg = Release|Any CPU
		{55876580-B0E0-4508-B1EF-E30F5C6E0106}.Release|Any CPU.Build.0 = Release|Any CPU
		{55876580-B0E0-4508-B1EF-E30F5C6E0106}.Release|x64.ActiveCfg = Release|Any CPU
		{55876580-B0E0-4508-B1EF-E30F5C6E0106}.Release|x64.Build.0 = Release|Any CPU
		{4339FEF1-CFF6-4C9C-827A-6628E8D5669D}.Debug|Any CPU.ActiveCfg = Debug|Any CPU
		{4339FEF1-CFF6-4C9C-827A-6628E8D5669D}.Debug|Any CPU.Build.0 = Debug|Any CPU
		{4339FEF1-CFF6-4C9C-827A-6628E8D5669D}.Debug|x64.ActiveCfg = Debug|Any CPU
		{4339FEF1-CFF6-4C9C-827A-6628E8D5669D}.Debug|x64.Build.0 = Debug|Any CPU
		{4339FEF1-CFF6-4C9C-827A-6628E8D5669D}.Release|Any CPU.ActiveCfg = Release|Any CPU
		{4339FEF1-CFF6-4C9C-827A-6628E8D5669D}.Release|Any CPU.Build.0 = Release|Any CPU
		{4339FEF1-CFF6-4C9C-827A-6628E8D5669D}.Release|x64.ActiveCfg = Release|Any CPU
		{4339FEF1-CFF6-4C9C-827A-6628E8D5669D}.Release|x64.Build.0 = Release|Any CPU
		{B5A6B1EE-4D6E-471C-8AA1-0D11EFE62C89}.Debug|Any CPU.ActiveCfg = Debug|Any CPU
		{B5A6B1EE-4D6E-471C-8AA1-0D11EFE62C89}.Debug|Any CPU.Build.0 = Debug|Any CPU
		{B5A6B1EE-4D6E-471C-8AA1-0D11EFE62C89}.Debug|x64.ActiveCfg = Debug|Any CPU
		{B5A6B1EE-4D6E-471C-8AA1-0D11EFE62C89}.Debug|x64.Build.0 = Debug|Any CPU
		{B5A6B1EE-4D6E-471C-8AA1-0D11EFE62C89}.Release|Any CPU.ActiveCfg = Release|Any CPU
		{B5A6B1EE-4D6E-471C-8AA1-0D11EFE62C89}.Release|Any CPU.Build.0 = Release|Any CPU
		{B5A6B1EE-4D6E-471C-8AA1-0D11EFE62C89}.Release|x64.ActiveCfg = Release|Any CPU
		{B5A6B1EE-4D6E-471C-8AA1-0D11EFE62C89}.Release|x64.Build.0 = Release|Any CPU
	EndGlobalSection
	GlobalSection(SolutionProperties) = preSolution
		HideSolutionNode = FALSE
	EndGlobalSection
	GlobalSection(NestedProjects) = preSolution
		{15DF677A-5A7D-4926-A06B-83C8B24BD46E} = {79E13728-28B8-46E6-9AEE-874AE9C32D44}
		{1A506B0D-1D3F-47A8-A3DD-225D35B0CCDF} = {79E13728-28B8-46E6-9AEE-874AE9C32D44}
		{70068E07-298E-435C-9623-4141BDEAC4D0} = {79E13728-28B8-46E6-9AEE-874AE9C32D44}
		{6DDFEDE9-27DA-4A67-80BD-53AFFF7D8A7A} = {79E13728-28B8-46E6-9AEE-874AE9C32D44}
		{C13C821F-CF91-43D1-BBC3-6D0BB62732B5} = {79E13728-28B8-46E6-9AEE-874AE9C32D44}
		{4545AA51-B436-4D91-BCDE-19AFCB294F5C} = {79E13728-28B8-46E6-9AEE-874AE9C32D44}
		{91B8D37F-DB67-47B8-8DC9-CA2B4071132A} = {1F5C5A06-4D6C-4AAC-9AB5-F10E5B3D99EC}
		{53B04BB7-734F-4A79-A73A-579F75082A67} = {91B8D37F-DB67-47B8-8DC9-CA2B4071132A}
		{D82A16D0-B813-4A71-93A9-0752A549E197} = {91B8D37F-DB67-47B8-8DC9-CA2B4071132A}
		{9BD895A1-3DF2-447F-9086-6F85F72ACB7B} = {1F5C5A06-4D6C-4AAC-9AB5-F10E5B3D99EC}
		{A11C1439-E356-4D86-82D5-03F4576E3D6E} = {9BD895A1-3DF2-447F-9086-6F85F72ACB7B}
		{AC82FE86-A127-4131-9270-4B43618276EB} = {9BD895A1-3DF2-447F-9086-6F85F72ACB7B}
		{B98250ED-8F98-42A7-983C-95CC4C28B25A} = {1F5C5A06-4D6C-4AAC-9AB5-F10E5B3D99EC}
		{561ED4B1-AB29-47E9-9A27-FED89A0EC079} = {B98250ED-8F98-42A7-983C-95CC4C28B25A}
		{8A8B8472-101D-41D7-B7EC-48DCBAA778BF} = {B98250ED-8F98-42A7-983C-95CC4C28B25A}
		{599629CF-B009-43F0-A44E-CF2C20150BBA} = {B98250ED-8F98-42A7-983C-95CC4C28B25A}
		{A3065B16-FE4D-4B25-B9F7-2AB2A89D5DAD} = {9BD895A1-3DF2-447F-9086-6F85F72ACB7B}
		{55876580-B0E0-4508-B1EF-E30F5C6E0106} = {91B8D37F-DB67-47B8-8DC9-CA2B4071132A}
	EndGlobalSection
EndGlobal
