
Microsoft Visual Studio Solution File, Format Version 12.00
# Visual Studio 14
VisualStudioVersion = 14.0.25123.0
MinimumVisualStudioVersion = 10.0.40219.1
Project("{2150E333-8FDC-42A3-9474-1A3956D46DE8}") = ".paket", ".paket", "{A144B199-CF06-495F-B200-1D0AFF1D3838}"
	ProjectSection(SolutionItems) = preProject
		Framework\paket.dependencies = Framework\paket.dependencies
	EndProjectSection
EndProject
Project("{2150E333-8FDC-42A3-9474-1A3956D46DE8}") = "Solution Items", "Solution Items", "{15DF677A-5A7D-4926-A06B-83C8B24BD46E}"
	ProjectSection(SolutionItems) = preProject
		Framework\paket.lock = Framework\paket.lock
		Framework\Version.cs = Framework\Version.cs
	EndProjectSection
EndProject
Project("{FAE04EC0-301F-11D3-BF4B-00C04F79EFBC}") = "Framework.Tests", "Framework\Tests\Framework.Tests.csproj", "{1A506B0D-1D3F-47A8-A3DD-225D35B0CCDF}"
EndProject
Project("{2150E333-8FDC-42A3-9474-1A3956D46DE8}") = "Specifications", "Specifications", "{EC345161-12FD-4BD5-B4BA-EAEF4B83CC4F}"
EndProject
Project("{2150E333-8FDC-42A3-9474-1A3956D46DE8}") = "Paramore", "Paramore", "{FC96758C-4548-4BF4-85AB-13CC2CB4AF07}"
EndProject
Project("{FAE04EC0-301F-11D3-BF4B-00C04F79EFBC}") = "paramore.brighter.serviceactivator", "Framework\Paramore\paramore.brighter.serviceactivator\paramore.brighter.serviceactivator.csproj", "{B9126B00-5A97-4C7D-B395-755456E5FA28}"
EndProject
Project("{FAE04EC0-301F-11D3-BF4B-00C04F79EFBC}") = "paramore.brighter.commandprocessor.messaginggateway.rmq", "Framework\Paramore\paramore.brighter.commandprocessor.messaginggateway.rmq\paramore.brighter.commandprocessor.messaginggateway.rmq.csproj", "{380AF497-D2B5-49B2-AA7A-B0D86991B390}"
EndProject
Project("{FAE04EC0-301F-11D3-BF4B-00C04F79EFBC}") = "paramore.brighter.commandprocessor", "Framework\Paramore\paramore.brighter.commandprocessor\paramore.brighter.commandprocessor.csproj", "{2ACB382A-38FA-49A6-A9CD-212881D3CD37}"
EndProject
Project("{2150E333-8FDC-42A3-9474-1A3956D46DE8}") = "Core", "Core", "{88646293-4CDB-4322-A6D1-0C3F426E0F5C}"
EndProject
Project("{FAE04EC0-301F-11D3-BF4B-00C04F79EFBC}") = "Framework.Integration", "Framework\Specifications\Integration\Framework.Integration.csproj", "{0AE15573-C739-48B1-8528-9E841953DADB}"
EndProject
Project("{FAE04EC0-301F-11D3-BF4B-00C04F79EFBC}") = "Framework.Fixtures", "Framework\Fixtures\Framework.Fixtures.csproj", "{B9E602CC-1A71-40B8-82A2-67761B671302}"
EndProject
Project("{FAE04EC0-301F-11D3-BF4B-00C04F79EFBC}") = "Framework.Common", "Framework\Common\Framework.Common.csproj", "{70068E07-298E-435C-9623-4141BDEAC4D0}"
EndProject
Project("{FAE04EC0-301F-11D3-BF4B-00C04F79EFBC}") = "Framework.Client", "Framework\Client\Framework.Client.csproj", "{6DDFEDE9-27DA-4A67-80BD-53AFFF7D8A7A}"
EndProject
Project("{FAE04EC0-301F-11D3-BF4B-00C04F79EFBC}") = "Framework.Infrastructure", "Framework\Infrastructure\Framework.Infrastructure.csproj", "{C13C821F-CF91-43D1-BBC3-6D0BB62732B5}"
EndProject
Project("{FAE04EC0-301F-11D3-BF4B-00C04F79EFBC}") = "Framework.Interfaces", "Framework\Services\Framework.Interfaces.csproj", "{4545AA51-B436-4D91-BCDE-19AFCB294F5C}"
EndProject
Project("{FAE04EC0-301F-11D3-BF4B-00C04F79EFBC}") = "Framework.Web", "Framework\Web\Framework.Web.csproj", "{A0BD1AED-A6F4-4EE0-B77B-5C0C0E5FE61B}"
EndProject
Project("{FAE04EC0-301F-11D3-BF4B-00C04F79EFBC}") = "Tooling", "Framework\Tooling\Tooling.csproj", "{E5A43E67-790C-4158-B86D-95930ADDEF26}"
EndProject
Project("{F2A71F9B-5D33-465A-A702-920D77279786}") = "Framework.Events", "Framework\Core\Events\Framework.Events.fsproj", "{D9AF4913-ABB5-4E66-B2FD-EB0E925E098E}"
EndProject
Project("{2150E333-8FDC-42A3-9474-1A3956D46DE8}") = "Framework", "Framework", "{79E13728-28B8-46E6-9AEE-874AE9C32D44}"
EndProject
Project("{2150E333-8FDC-42A3-9474-1A3956D46DE8}") = "Modules", "Modules", "{1F5C5A06-4D6C-4AAC-9AB5-F10E5B3D99EC}"
EndProject
Project("{2150E333-8FDC-42A3-9474-1A3956D46DE8}") = "AccessControl", "AccessControl", "{91B8D37F-DB67-47B8-8DC9-CA2B4071132A}"
EndProject
Project("{FAE04EC0-301F-11D3-BF4B-00C04F79EFBC}") = "Domain", "Modules\AccessControl\Domain\Domain.csproj", "{53B04BB7-734F-4A79-A73A-579F75082A67}"
EndProject
Project("{FAE04EC0-301F-11D3-BF4B-00C04F79EFBC}") = "Engine", "Modules\AccessControl\Engine\Engine.csproj", "{D82A16D0-B813-4A71-93A9-0752A549E197}"
EndProject
Project("{FAE04EC0-301F-11D3-BF4B-00C04F79EFBC}") = "Tests", "Modules\AccessControl\Tests\Tests.csproj", "{06555689-BD0B-47CC-BBF7-A03DE245FD0B}"
EndProject
Project("{2150E333-8FDC-42A3-9474-1A3956D46DE8}") = "Management", "Management", "{9BD895A1-3DF2-447F-9086-6F85F72ACB7B}"
EndProject
Project("{2150E333-8FDC-42A3-9474-1A3956D46DE8}") = "Simulator", "Simulator", "{5F6C7696-E736-4AAA-A590-372D69328C3F}"
EndProject
Project("{2150E333-8FDC-42A3-9474-1A3956D46DE8}") = "Analysis", "Analysis", "{0B6D733A-61D0-4399-83C9-DA5C26C9F38F}"
EndProject
Project("{FAE04EC0-301F-11D3-BF4B-00C04F79EFBC}") = "Domain", "Modules\Management\Domain\Domain.csproj", "{A11C1439-E356-4D86-82D5-03F4576E3D6E}"
EndProject
Project("{FAE04EC0-301F-11D3-BF4B-00C04F79EFBC}") = "Engine", "Modules\Management\Engine\Engine.csproj", "{AC82FE86-A127-4131-9270-4B43618276EB}"
EndProject
Project("{FAE04EC0-301F-11D3-BF4B-00C04F79EFBC}") = "Tests", "Modules\Management\Tests\Tests.csproj", "{A7D7EB7A-0769-49BF-8C64-96AE0DED7F19}"
EndProject
Project("{FAE04EC0-301F-11D3-BF4B-00C04F79EFBC}") = "Engine", "Modules\Simulator\Engine\Engine.csproj", "{9AD2F8A0-3F38-4DAF-8460-ED41F7D8A8A0}"
EndProject
Project("{FAE04EC0-301F-11D3-BF4B-00C04F79EFBC}") = "Domain", "Modules\Simulator\Domain\Domain.csproj", "{7C8E706F-41CE-43D2-B14E-96884386F497}"
EndProject
Project("{FAE04EC0-301F-11D3-BF4B-00C04F79EFBC}") = "Tests", "Modules\Simulator\Tests\Tests.csproj", "{25778132-B82A-4153-8317-1B821E276422}"
EndProject
Project("{2150E333-8FDC-42A3-9474-1A3956D46DE8}") = "Data", "Data", "{B98250ED-8F98-42A7-983C-95CC4C28B25A}"
EndProject
Project("{2150E333-8FDC-42A3-9474-1A3956D46DE8}") = "Vehicles", "Vehicles", "{EF39D344-1B88-4B0A-9CBE-D568ABD8E24E}"
EndProject
Project("{FAE04EC0-301F-11D3-BF4B-00C04F79EFBC}") = "Domain", "Modules\Data\Domain\Domain.csproj", "{561ED4B1-AB29-47E9-9A27-FED89A0EC079}"
EndProject
Project("{FAE04EC0-301F-11D3-BF4B-00C04F79EFBC}") = "Engine", "Modules\Data\Engine\Engine.csproj", "{8A8B8472-101D-41D7-B7EC-48DCBAA778BF}"
EndProject
Project("{FAE04EC0-301F-11D3-BF4B-00C04F79EFBC}") = "Tests", "Modules\Data\Tests\Tests.csproj", "{3A27FADC-2F1B-4BA2-9031-47208FF541DB}"
EndProject
Project("{F2A71F9B-5D33-465A-A702-920D77279786}") = "Data.Contracts", "Modules\Data\Events\Data.Contracts.fsproj", "{ADCB6E3E-7D3A-448A-BFC3-EAD0E4DBEBF5}"
EndProject
Project("{F2A71F9B-5D33-465A-A702-920D77279786}") = "AccessControl.Contracts", "Modules\AccessControl\Events\AccessControl.Contracts.fsproj", "{7B154357-2F9B-437C-90B3-C1E6C6FD36DD}"
EndProject
Project("{F2A71F9B-5D33-465A-A702-920D77279786}") = "Management.Contracts", "Modules\Management\Interfaces\Management.Contracts.fsproj", "{D5139033-62A3-4978-B203-ABA6443C1E22}"
EndProject
Project("{8BB2217D-0F2D-49D1-97BC-3654ED321F3B}") = "UI", "UI\UI.xproj", "{1F5D8095-07E3-45D1-A08F-9F00DA59AF90}"
EndProject
Project("{A07B5EB6-E848-4116-A8D0-A826331D98C6}") = "Cluster", "Cluster\AccessControl\Cluster.sfproj", "{6FCE5B3B-D43E-4ED9-8B12-0BF618F19AEE}"
EndProject
Project("{FAE04EC0-301F-11D3-BF4B-00C04F79EFBC}") = "AccessControl.Node", "Cluster\AccessControl.Node\AccessControl.Node.csproj", "{0C3E3863-30A6-49A7-80BE-C85FE700E6FA}"
EndProject
Project("{FAE04EC0-301F-11D3-BF4B-00C04F79EFBC}") = "Management.Node", "Cluster\Management.Node\Management.Node.csproj", "{2F78046A-6CBF-4B0E-9E7E-378FFCD25C0A}"
EndProject
Global
	GlobalSection(SolutionConfigurationPlatforms) = preSolution
		Debug|Any CPU = Debug|Any CPU
		Debug|x64 = Debug|x64
		Release|Any CPU = Release|Any CPU
		Release|x64 = Release|x64
	EndGlobalSection
	GlobalSection(ProjectConfigurationPlatforms) = postSolution
		{1A506B0D-1D3F-47A8-A3DD-225D35B0CCDF}.Debug|Any CPU.ActiveCfg = Debug|Any CPU
		{1A506B0D-1D3F-47A8-A3DD-225D35B0CCDF}.Debug|Any CPU.Build.0 = Debug|Any CPU
		{1A506B0D-1D3F-47A8-A3DD-225D35B0CCDF}.Debug|x64.ActiveCfg = Debug|Any CPU
		{1A506B0D-1D3F-47A8-A3DD-225D35B0CCDF}.Debug|x64.Build.0 = Debug|Any CPU
		{1A506B0D-1D3F-47A8-A3DD-225D35B0CCDF}.Release|Any CPU.ActiveCfg = Release|Any CPU
		{1A506B0D-1D3F-47A8-A3DD-225D35B0CCDF}.Release|Any CPU.Build.0 = Release|Any CPU
		{1A506B0D-1D3F-47A8-A3DD-225D35B0CCDF}.Release|x64.ActiveCfg = Release|Any CPU
		{1A506B0D-1D3F-47A8-A3DD-225D35B0CCDF}.Release|x64.Build.0 = Release|Any CPU
		{B9126B00-5A97-4C7D-B395-755456E5FA28}.Debug|Any CPU.ActiveCfg = Debug|Any CPU
		{B9126B00-5A97-4C7D-B395-755456E5FA28}.Debug|Any CPU.Build.0 = Debug|Any CPU
		{B9126B00-5A97-4C7D-B395-755456E5FA28}.Debug|x64.ActiveCfg = Debug|Any CPU
		{B9126B00-5A97-4C7D-B395-755456E5FA28}.Debug|x64.Build.0 = Debug|Any CPU
		{B9126B00-5A97-4C7D-B395-755456E5FA28}.Release|Any CPU.ActiveCfg = Release|Any CPU
		{B9126B00-5A97-4C7D-B395-755456E5FA28}.Release|Any CPU.Build.0 = Release|Any CPU
		{B9126B00-5A97-4C7D-B395-755456E5FA28}.Release|x64.ActiveCfg = Release|Any CPU
		{B9126B00-5A97-4C7D-B395-755456E5FA28}.Release|x64.Build.0 = Release|Any CPU
		{380AF497-D2B5-49B2-AA7A-B0D86991B390}.Debug|Any CPU.ActiveCfg = Debug|Any CPU
		{380AF497-D2B5-49B2-AA7A-B0D86991B390}.Debug|Any CPU.Build.0 = Debug|Any CPU
		{380AF497-D2B5-49B2-AA7A-B0D86991B390}.Debug|x64.ActiveCfg = Debug|Any CPU
		{380AF497-D2B5-49B2-AA7A-B0D86991B390}.Debug|x64.Build.0 = Debug|Any CPU
		{380AF497-D2B5-49B2-AA7A-B0D86991B390}.Release|Any CPU.ActiveCfg = Release|Any CPU
		{380AF497-D2B5-49B2-AA7A-B0D86991B390}.Release|Any CPU.Build.0 = Release|Any CPU
		{380AF497-D2B5-49B2-AA7A-B0D86991B390}.Release|x64.ActiveCfg = Release|Any CPU
		{380AF497-D2B5-49B2-AA7A-B0D86991B390}.Release|x64.Build.0 = Release|Any CPU
		{2ACB382A-38FA-49A6-A9CD-212881D3CD37}.Debug|Any CPU.ActiveCfg = Debug|Any CPU
		{2ACB382A-38FA-49A6-A9CD-212881D3CD37}.Debug|Any CPU.Build.0 = Debug|Any CPU
		{2ACB382A-38FA-49A6-A9CD-212881D3CD37}.Debug|x64.ActiveCfg = Debug|Any CPU
		{2ACB382A-38FA-49A6-A9CD-212881D3CD37}.Debug|x64.Build.0 = Debug|Any CPU
		{2ACB382A-38FA-49A6-A9CD-212881D3CD37}.Release|Any CPU.ActiveCfg = Release|Any CPU
		{2ACB382A-38FA-49A6-A9CD-212881D3CD37}.Release|Any CPU.Build.0 = Release|Any CPU
		{2ACB382A-38FA-49A6-A9CD-212881D3CD37}.Release|x64.ActiveCfg = Release|Any CPU
		{2ACB382A-38FA-49A6-A9CD-212881D3CD37}.Release|x64.Build.0 = Release|Any CPU
		{0AE15573-C739-48B1-8528-9E841953DADB}.Debug|Any CPU.ActiveCfg = Debug|Any CPU
		{0AE15573-C739-48B1-8528-9E841953DADB}.Debug|Any CPU.Build.0 = Debug|Any CPU
		{0AE15573-C739-48B1-8528-9E841953DADB}.Debug|x64.ActiveCfg = Debug|Any CPU
		{0AE15573-C739-48B1-8528-9E841953DADB}.Debug|x64.Build.0 = Debug|Any CPU
		{0AE15573-C739-48B1-8528-9E841953DADB}.Release|Any CPU.ActiveCfg = Release|Any CPU
		{0AE15573-C739-48B1-8528-9E841953DADB}.Release|Any CPU.Build.0 = Release|Any CPU
		{0AE15573-C739-48B1-8528-9E841953DADB}.Release|x64.ActiveCfg = Release|Any CPU
		{0AE15573-C739-48B1-8528-9E841953DADB}.Release|x64.Build.0 = Release|Any CPU
		{B9E602CC-1A71-40B8-82A2-67761B671302}.Debug|Any CPU.ActiveCfg = Debug|Any CPU
		{B9E602CC-1A71-40B8-82A2-67761B671302}.Debug|Any CPU.Build.0 = Debug|Any CPU
		{B9E602CC-1A71-40B8-82A2-67761B671302}.Debug|x64.ActiveCfg = Debug|Any CPU
		{B9E602CC-1A71-40B8-82A2-67761B671302}.Debug|x64.Build.0 = Debug|Any CPU
		{B9E602CC-1A71-40B8-82A2-67761B671302}.Release|Any CPU.ActiveCfg = Release|Any CPU
		{B9E602CC-1A71-40B8-82A2-67761B671302}.Release|Any CPU.Build.0 = Release|Any CPU
		{B9E602CC-1A71-40B8-82A2-67761B671302}.Release|x64.ActiveCfg = Release|Any CPU
		{B9E602CC-1A71-40B8-82A2-67761B671302}.Release|x64.Build.0 = Release|Any CPU
		{70068E07-298E-435C-9623-4141BDEAC4D0}.Debug|Any CPU.ActiveCfg = Debug|Any CPU
		{70068E07-298E-435C-9623-4141BDEAC4D0}.Debug|Any CPU.Build.0 = Debug|Any CPU
		{70068E07-298E-435C-9623-4141BDEAC4D0}.Debug|x64.ActiveCfg = Debug|Any CPU
		{70068E07-298E-435C-9623-4141BDEAC4D0}.Debug|x64.Build.0 = Debug|Any CPU
		{70068E07-298E-435C-9623-4141BDEAC4D0}.Release|Any CPU.ActiveCfg = Release|Any CPU
		{70068E07-298E-435C-9623-4141BDEAC4D0}.Release|Any CPU.Build.0 = Release|Any CPU
		{70068E07-298E-435C-9623-4141BDEAC4D0}.Release|x64.ActiveCfg = Release|Any CPU
		{70068E07-298E-435C-9623-4141BDEAC4D0}.Release|x64.Build.0 = Release|Any CPU
		{6DDFEDE9-27DA-4A67-80BD-53AFFF7D8A7A}.Debug|Any CPU.ActiveCfg = Debug|Any CPU
		{6DDFEDE9-27DA-4A67-80BD-53AFFF7D8A7A}.Debug|Any CPU.Build.0 = Debug|Any CPU
		{6DDFEDE9-27DA-4A67-80BD-53AFFF7D8A7A}.Debug|x64.ActiveCfg = Debug|Any CPU
		{6DDFEDE9-27DA-4A67-80BD-53AFFF7D8A7A}.Debug|x64.Build.0 = Debug|Any CPU
		{6DDFEDE9-27DA-4A67-80BD-53AFFF7D8A7A}.Release|Any CPU.ActiveCfg = Release|Any CPU
		{6DDFEDE9-27DA-4A67-80BD-53AFFF7D8A7A}.Release|Any CPU.Build.0 = Release|Any CPU
		{6DDFEDE9-27DA-4A67-80BD-53AFFF7D8A7A}.Release|x64.ActiveCfg = Release|Any CPU
		{6DDFEDE9-27DA-4A67-80BD-53AFFF7D8A7A}.Release|x64.Build.0 = Release|Any CPU
		{C13C821F-CF91-43D1-BBC3-6D0BB62732B5}.Debug|Any CPU.ActiveCfg = Debug|Any CPU
		{C13C821F-CF91-43D1-BBC3-6D0BB62732B5}.Debug|Any CPU.Build.0 = Debug|Any CPU
		{C13C821F-CF91-43D1-BBC3-6D0BB62732B5}.Debug|x64.ActiveCfg = Debug|Any CPU
		{C13C821F-CF91-43D1-BBC3-6D0BB62732B5}.Debug|x64.Build.0 = Debug|Any CPU
		{C13C821F-CF91-43D1-BBC3-6D0BB62732B5}.Release|Any CPU.ActiveCfg = Release|Any CPU
		{C13C821F-CF91-43D1-BBC3-6D0BB62732B5}.Release|Any CPU.Build.0 = Release|Any CPU
		{C13C821F-CF91-43D1-BBC3-6D0BB62732B5}.Release|x64.ActiveCfg = Release|Any CPU
		{C13C821F-CF91-43D1-BBC3-6D0BB62732B5}.Release|x64.Build.0 = Release|Any CPU
		{4545AA51-B436-4D91-BCDE-19AFCB294F5C}.Debug|Any CPU.ActiveCfg = Debug|Any CPU
		{4545AA51-B436-4D91-BCDE-19AFCB294F5C}.Debug|Any CPU.Build.0 = Debug|Any CPU
		{4545AA51-B436-4D91-BCDE-19AFCB294F5C}.Debug|x64.ActiveCfg = Debug|Any CPU
		{4545AA51-B436-4D91-BCDE-19AFCB294F5C}.Debug|x64.Build.0 = Debug|Any CPU
		{4545AA51-B436-4D91-BCDE-19AFCB294F5C}.Release|Any CPU.ActiveCfg = Release|Any CPU
		{4545AA51-B436-4D91-BCDE-19AFCB294F5C}.Release|Any CPU.Build.0 = Release|Any CPU
		{4545AA51-B436-4D91-BCDE-19AFCB294F5C}.Release|x64.ActiveCfg = Release|Any CPU
		{4545AA51-B436-4D91-BCDE-19AFCB294F5C}.Release|x64.Build.0 = Release|Any CPU
		{A0BD1AED-A6F4-4EE0-B77B-5C0C0E5FE61B}.Debug|Any CPU.ActiveCfg = Debug|Any CPU
		{A0BD1AED-A6F4-4EE0-B77B-5C0C0E5FE61B}.Debug|Any CPU.Build.0 = Debug|Any CPU
		{A0BD1AED-A6F4-4EE0-B77B-5C0C0E5FE61B}.Debug|x64.ActiveCfg = Debug|Any CPU
		{A0BD1AED-A6F4-4EE0-B77B-5C0C0E5FE61B}.Debug|x64.Build.0 = Debug|Any CPU
		{A0BD1AED-A6F4-4EE0-B77B-5C0C0E5FE61B}.Release|Any CPU.ActiveCfg = Release|Any CPU
		{A0BD1AED-A6F4-4EE0-B77B-5C0C0E5FE61B}.Release|Any CPU.Build.0 = Release|Any CPU
		{A0BD1AED-A6F4-4EE0-B77B-5C0C0E5FE61B}.Release|x64.ActiveCfg = Release|Any CPU
		{A0BD1AED-A6F4-4EE0-B77B-5C0C0E5FE61B}.Release|x64.Build.0 = Release|Any CPU
		{E5A43E67-790C-4158-B86D-95930ADDEF26}.Debug|Any CPU.ActiveCfg = Debug|Any CPU
		{E5A43E67-790C-4158-B86D-95930ADDEF26}.Debug|Any CPU.Build.0 = Debug|Any CPU
		{E5A43E67-790C-4158-B86D-95930ADDEF26}.Debug|x64.ActiveCfg = Debug|Any CPU
		{E5A43E67-790C-4158-B86D-95930ADDEF26}.Debug|x64.Build.0 = Debug|Any CPU
		{E5A43E67-790C-4158-B86D-95930ADDEF26}.Release|Any CPU.ActiveCfg = Release|Any CPU
		{E5A43E67-790C-4158-B86D-95930ADDEF26}.Release|Any CPU.Build.0 = Release|Any CPU
		{E5A43E67-790C-4158-B86D-95930ADDEF26}.Release|x64.ActiveCfg = Release|Any CPU
		{E5A43E67-790C-4158-B86D-95930ADDEF26}.Release|x64.Build.0 = Release|Any CPU
		{D9AF4913-ABB5-4E66-B2FD-EB0E925E098E}.Debug|Any CPU.ActiveCfg = Debug|Any CPU
		{D9AF4913-ABB5-4E66-B2FD-EB0E925E098E}.Debug|Any CPU.Build.0 = Debug|Any CPU
		{D9AF4913-ABB5-4E66-B2FD-EB0E925E098E}.Debug|x64.ActiveCfg = Debug|Any CPU
		{D9AF4913-ABB5-4E66-B2FD-EB0E925E098E}.Debug|x64.Build.0 = Debug|Any CPU
		{D9AF4913-ABB5-4E66-B2FD-EB0E925E098E}.Release|Any CPU.ActiveCfg = Release|Any CPU
		{D9AF4913-ABB5-4E66-B2FD-EB0E925E098E}.Release|Any CPU.Build.0 = Release|Any CPU
		{D9AF4913-ABB5-4E66-B2FD-EB0E925E098E}.Release|x64.ActiveCfg = Release|Any CPU
		{D9AF4913-ABB5-4E66-B2FD-EB0E925E098E}.Release|x64.Build.0 = Release|Any CPU
		{53B04BB7-734F-4A79-A73A-579F75082A67}.Debug|Any CPU.ActiveCfg = Debug|Any CPU
		{53B04BB7-734F-4A79-A73A-579F75082A67}.Debug|Any CPU.Build.0 = Debug|Any CPU
		{53B04BB7-734F-4A79-A73A-579F75082A67}.Debug|x64.ActiveCfg = Debug|Any CPU
		{53B04BB7-734F-4A79-A73A-579F75082A67}.Debug|x64.Build.0 = Debug|Any CPU
		{53B04BB7-734F-4A79-A73A-579F75082A67}.Release|Any CPU.ActiveCfg = Release|Any CPU
		{53B04BB7-734F-4A79-A73A-579F75082A67}.Release|Any CPU.Build.0 = Release|Any CPU
		{53B04BB7-734F-4A79-A73A-579F75082A67}.Release|x64.ActiveCfg = Release|Any CPU
		{53B04BB7-734F-4A79-A73A-579F75082A67}.Release|x64.Build.0 = Release|Any CPU
		{D82A16D0-B813-4A71-93A9-0752A549E197}.Debug|Any CPU.ActiveCfg = Debug|Any CPU
		{D82A16D0-B813-4A71-93A9-0752A549E197}.Debug|Any CPU.Build.0 = Debug|Any CPU
		{D82A16D0-B813-4A71-93A9-0752A549E197}.Debug|x64.ActiveCfg = Debug|Any CPU
		{D82A16D0-B813-4A71-93A9-0752A549E197}.Debug|x64.Build.0 = Debug|Any CPU
		{D82A16D0-B813-4A71-93A9-0752A549E197}.Release|Any CPU.ActiveCfg = Release|Any CPU
		{D82A16D0-B813-4A71-93A9-0752A549E197}.Release|Any CPU.Build.0 = Release|Any CPU
		{D82A16D0-B813-4A71-93A9-0752A549E197}.Release|x64.ActiveCfg = Release|Any CPU
		{D82A16D0-B813-4A71-93A9-0752A549E197}.Release|x64.Build.0 = Release|Any CPU
		{06555689-BD0B-47CC-BBF7-A03DE245FD0B}.Debug|Any CPU.ActiveCfg = Debug|Any CPU
		{06555689-BD0B-47CC-BBF7-A03DE245FD0B}.Debug|Any CPU.Build.0 = Debug|Any CPU
		{06555689-BD0B-47CC-BBF7-A03DE245FD0B}.Debug|x64.ActiveCfg = Debug|Any CPU
		{06555689-BD0B-47CC-BBF7-A03DE245FD0B}.Debug|x64.Build.0 = Debug|Any CPU
		{06555689-BD0B-47CC-BBF7-A03DE245FD0B}.Release|Any CPU.ActiveCfg = Release|Any CPU
		{06555689-BD0B-47CC-BBF7-A03DE245FD0B}.Release|Any CPU.Build.0 = Release|Any CPU
		{06555689-BD0B-47CC-BBF7-A03DE245FD0B}.Release|x64.ActiveCfg = Release|Any CPU
		{06555689-BD0B-47CC-BBF7-A03DE245FD0B}.Release|x64.Build.0 = Release|Any CPU
		{A11C1439-E356-4D86-82D5-03F4576E3D6E}.Debug|Any CPU.ActiveCfg = Debug|Any CPU
		{A11C1439-E356-4D86-82D5-03F4576E3D6E}.Debug|Any CPU.Build.0 = Debug|Any CPU
		{A11C1439-E356-4D86-82D5-03F4576E3D6E}.Debug|x64.ActiveCfg = Debug|Any CPU
		{A11C1439-E356-4D86-82D5-03F4576E3D6E}.Debug|x64.Build.0 = Debug|Any CPU
		{A11C1439-E356-4D86-82D5-03F4576E3D6E}.Release|Any CPU.ActiveCfg = Release|Any CPU
		{A11C1439-E356-4D86-82D5-03F4576E3D6E}.Release|Any CPU.Build.0 = Release|Any CPU
		{A11C1439-E356-4D86-82D5-03F4576E3D6E}.Release|x64.ActiveCfg = Release|Any CPU
		{A11C1439-E356-4D86-82D5-03F4576E3D6E}.Release|x64.Build.0 = Release|Any CPU
		{AC82FE86-A127-4131-9270-4B43618276EB}.Debug|Any CPU.ActiveCfg = Debug|Any CPU
		{AC82FE86-A127-4131-9270-4B43618276EB}.Debug|Any CPU.Build.0 = Debug|Any CPU
		{AC82FE86-A127-4131-9270-4B43618276EB}.Debug|x64.ActiveCfg = Debug|Any CPU
		{AC82FE86-A127-4131-9270-4B43618276EB}.Debug|x64.Build.0 = Debug|Any CPU
		{AC82FE86-A127-4131-9270-4B43618276EB}.Release|Any CPU.ActiveCfg = Release|Any CPU
		{AC82FE86-A127-4131-9270-4B43618276EB}.Release|Any CPU.Build.0 = Release|Any CPU
		{AC82FE86-A127-4131-9270-4B43618276EB}.Release|x64.ActiveCfg = Release|Any CPU
		{AC82FE86-A127-4131-9270-4B43618276EB}.Release|x64.Build.0 = Release|Any CPU
		{A7D7EB7A-0769-49BF-8C64-96AE0DED7F19}.Debug|Any CPU.ActiveCfg = Debug|Any CPU
		{A7D7EB7A-0769-49BF-8C64-96AE0DED7F19}.Debug|Any CPU.Build.0 = Debug|Any CPU
		{A7D7EB7A-0769-49BF-8C64-96AE0DED7F19}.Debug|x64.ActiveCfg = Debug|Any CPU
		{A7D7EB7A-0769-49BF-8C64-96AE0DED7F19}.Debug|x64.Build.0 = Debug|Any CPU
		{A7D7EB7A-0769-49BF-8C64-96AE0DED7F19}.Release|Any CPU.ActiveCfg = Release|Any CPU
		{A7D7EB7A-0769-49BF-8C64-96AE0DED7F19}.Release|Any CPU.Build.0 = Release|Any CPU
		{A7D7EB7A-0769-49BF-8C64-96AE0DED7F19}.Release|x64.ActiveCfg = Release|Any CPU
		{A7D7EB7A-0769-49BF-8C64-96AE0DED7F19}.Release|x64.Build.0 = Release|Any CPU
		{9AD2F8A0-3F38-4DAF-8460-ED41F7D8A8A0}.Debug|Any CPU.ActiveCfg = Debug|Any CPU
		{9AD2F8A0-3F38-4DAF-8460-ED41F7D8A8A0}.Debug|Any CPU.Build.0 = Debug|Any CPU
		{9AD2F8A0-3F38-4DAF-8460-ED41F7D8A8A0}.Debug|x64.ActiveCfg = Debug|Any CPU
		{9AD2F8A0-3F38-4DAF-8460-ED41F7D8A8A0}.Debug|x64.Build.0 = Debug|Any CPU
		{9AD2F8A0-3F38-4DAF-8460-ED41F7D8A8A0}.Release|Any CPU.ActiveCfg = Release|Any CPU
		{9AD2F8A0-3F38-4DAF-8460-ED41F7D8A8A0}.Release|Any CPU.Build.0 = Release|Any CPU
		{9AD2F8A0-3F38-4DAF-8460-ED41F7D8A8A0}.Release|x64.ActiveCfg = Release|Any CPU
		{9AD2F8A0-3F38-4DAF-8460-ED41F7D8A8A0}.Release|x64.Build.0 = Release|Any CPU
		{7C8E706F-41CE-43D2-B14E-96884386F497}.Debug|Any CPU.ActiveCfg = Debug|Any CPU
		{7C8E706F-41CE-43D2-B14E-96884386F497}.Debug|Any CPU.Build.0 = Debug|Any CPU
		{7C8E706F-41CE-43D2-B14E-96884386F497}.Debug|x64.ActiveCfg = Debug|Any CPU
		{7C8E706F-41CE-43D2-B14E-96884386F497}.Debug|x64.Build.0 = Debug|Any CPU
		{7C8E706F-41CE-43D2-B14E-96884386F497}.Release|Any CPU.ActiveCfg = Release|Any CPU
		{7C8E706F-41CE-43D2-B14E-96884386F497}.Release|Any CPU.Build.0 = Release|Any CPU
		{7C8E706F-41CE-43D2-B14E-96884386F497}.Release|x64.ActiveCfg = Release|Any CPU
		{7C8E706F-41CE-43D2-B14E-96884386F497}.Release|x64.Build.0 = Release|Any CPU
		{25778132-B82A-4153-8317-1B821E276422}.Debug|Any CPU.ActiveCfg = Debug|Any CPU
		{25778132-B82A-4153-8317-1B821E276422}.Debug|Any CPU.Build.0 = Debug|Any CPU
		{25778132-B82A-4153-8317-1B821E276422}.Debug|x64.ActiveCfg = Debug|Any CPU
		{25778132-B82A-4153-8317-1B821E276422}.Debug|x64.Build.0 = Debug|Any CPU
		{25778132-B82A-4153-8317-1B821E276422}.Release|Any CPU.ActiveCfg = Release|Any CPU
		{25778132-B82A-4153-8317-1B821E276422}.Release|Any CPU.Build.0 = Release|Any CPU
		{25778132-B82A-4153-8317-1B821E276422}.Release|x64.ActiveCfg = Release|Any CPU
		{25778132-B82A-4153-8317-1B821E276422}.Release|x64.Build.0 = Release|Any CPU
		{561ED4B1-AB29-47E9-9A27-FED89A0EC079}.Debug|Any CPU.ActiveCfg = Debug|Any CPU
		{561ED4B1-AB29-47E9-9A27-FED89A0EC079}.Debug|Any CPU.Build.0 = Debug|Any CPU
		{561ED4B1-AB29-47E9-9A27-FED89A0EC079}.Debug|x64.ActiveCfg = Debug|Any CPU
		{561ED4B1-AB29-47E9-9A27-FED89A0EC079}.Debug|x64.Build.0 = Debug|Any CPU
		{561ED4B1-AB29-47E9-9A27-FED89A0EC079}.Release|Any CPU.ActiveCfg = Release|Any CPU
		{561ED4B1-AB29-47E9-9A27-FED89A0EC079}.Release|Any CPU.Build.0 = Release|Any CPU
		{561ED4B1-AB29-47E9-9A27-FED89A0EC079}.Release|x64.ActiveCfg = Release|Any CPU
		{561ED4B1-AB29-47E9-9A27-FED89A0EC079}.Release|x64.Build.0 = Release|Any CPU
		{8A8B8472-101D-41D7-B7EC-48DCBAA778BF}.Debug|Any CPU.ActiveCfg = Debug|Any CPU
		{8A8B8472-101D-41D7-B7EC-48DCBAA778BF}.Debug|Any CPU.Build.0 = Debug|Any CPU
		{8A8B8472-101D-41D7-B7EC-48DCBAA778BF}.Debug|x64.ActiveCfg = Debug|Any CPU
		{8A8B8472-101D-41D7-B7EC-48DCBAA778BF}.Debug|x64.Build.0 = Debug|Any CPU
		{8A8B8472-101D-41D7-B7EC-48DCBAA778BF}.Release|Any CPU.ActiveCfg = Release|Any CPU
		{8A8B8472-101D-41D7-B7EC-48DCBAA778BF}.Release|Any CPU.Build.0 = Release|Any CPU
		{8A8B8472-101D-41D7-B7EC-48DCBAA778BF}.Release|x64.ActiveCfg = Release|Any CPU
		{8A8B8472-101D-41D7-B7EC-48DCBAA778BF}.Release|x64.Build.0 = Release|Any CPU
		{3A27FADC-2F1B-4BA2-9031-47208FF541DB}.Debug|Any CPU.ActiveCfg = Debug|Any CPU
		{3A27FADC-2F1B-4BA2-9031-47208FF541DB}.Debug|Any CPU.Build.0 = Debug|Any CPU
		{3A27FADC-2F1B-4BA2-9031-47208FF541DB}.Debug|x64.ActiveCfg = Debug|Any CPU
		{3A27FADC-2F1B-4BA2-9031-47208FF541DB}.Debug|x64.Build.0 = Debug|Any CPU
		{3A27FADC-2F1B-4BA2-9031-47208FF541DB}.Release|Any CPU.ActiveCfg = Release|Any CPU
		{3A27FADC-2F1B-4BA2-9031-47208FF541DB}.Release|Any CPU.Build.0 = Release|Any CPU
		{3A27FADC-2F1B-4BA2-9031-47208FF541DB}.Release|x64.ActiveCfg = Release|Any CPU
		{3A27FADC-2F1B-4BA2-9031-47208FF541DB}.Release|x64.Build.0 = Release|Any CPU
		{ADCB6E3E-7D3A-448A-BFC3-EAD0E4DBEBF5}.Debug|Any CPU.ActiveCfg = Debug|Any CPU
		{ADCB6E3E-7D3A-448A-BFC3-EAD0E4DBEBF5}.Debug|Any CPU.Build.0 = Debug|Any CPU
		{ADCB6E3E-7D3A-448A-BFC3-EAD0E4DBEBF5}.Debug|x64.ActiveCfg = Debug|Any CPU
		{ADCB6E3E-7D3A-448A-BFC3-EAD0E4DBEBF5}.Debug|x64.Build.0 = Debug|Any CPU
		{ADCB6E3E-7D3A-448A-BFC3-EAD0E4DBEBF5}.Release|Any CPU.ActiveCfg = Release|Any CPU
		{ADCB6E3E-7D3A-448A-BFC3-EAD0E4DBEBF5}.Release|Any CPU.Build.0 = Release|Any CPU
		{ADCB6E3E-7D3A-448A-BFC3-EAD0E4DBEBF5}.Release|x64.ActiveCfg = Release|Any CPU
		{ADCB6E3E-7D3A-448A-BFC3-EAD0E4DBEBF5}.Release|x64.Build.0 = Release|Any CPU
		{7B154357-2F9B-437C-90B3-C1E6C6FD36DD}.Debug|Any CPU.ActiveCfg = Debug|Any CPU
		{7B154357-2F9B-437C-90B3-C1E6C6FD36DD}.Debug|Any CPU.Build.0 = Debug|Any CPU
		{7B154357-2F9B-437C-90B3-C1E6C6FD36DD}.Debug|x64.ActiveCfg = Debug|Any CPU
		{7B154357-2F9B-437C-90B3-C1E6C6FD36DD}.Debug|x64.Build.0 = Debug|Any CPU
		{7B154357-2F9B-437C-90B3-C1E6C6FD36DD}.Release|Any CPU.ActiveCfg = Release|Any CPU
		{7B154357-2F9B-437C-90B3-C1E6C6FD36DD}.Release|Any CPU.Build.0 = Release|Any CPU
		{7B154357-2F9B-437C-90B3-C1E6C6FD36DD}.Release|x64.ActiveCfg = Release|Any CPU
		{7B154357-2F9B-437C-90B3-C1E6C6FD36DD}.Release|x64.Build.0 = Release|Any CPU
		{D5139033-62A3-4978-B203-ABA6443C1E22}.Debug|Any CPU.ActiveCfg = Debug|Any CPU
		{D5139033-62A3-4978-B203-ABA6443C1E22}.Debug|Any CPU.Build.0 = Debug|Any CPU
		{D5139033-62A3-4978-B203-ABA6443C1E22}.Debug|x64.ActiveCfg = Debug|Any CPU
		{D5139033-62A3-4978-B203-ABA6443C1E22}.Debug|x64.Build.0 = Debug|Any CPU
		{D5139033-62A3-4978-B203-ABA6443C1E22}.Release|Any CPU.ActiveCfg = Release|Any CPU
		{D5139033-62A3-4978-B203-ABA6443C1E22}.Release|Any CPU.Build.0 = Release|Any CPU
		{D5139033-62A3-4978-B203-ABA6443C1E22}.Release|x64.ActiveCfg = Release|Any CPU
		{D5139033-62A3-4978-B203-ABA6443C1E22}.Release|x64.Build.0 = Release|Any CPU
		{1F5D8095-07E3-45D1-A08F-9F00DA59AF90}.Debug|Any CPU.ActiveCfg = Debug|Any CPU
		{1F5D8095-07E3-45D1-A08F-9F00DA59AF90}.Debug|Any CPU.Build.0 = Debug|Any CPU
		{1F5D8095-07E3-45D1-A08F-9F00DA59AF90}.Debug|x64.ActiveCfg = Debug|Any CPU
		{1F5D8095-07E3-45D1-A08F-9F00DA59AF90}.Debug|x64.Build.0 = Debug|Any CPU
		{1F5D8095-07E3-45D1-A08F-9F00DA59AF90}.Release|Any CPU.ActiveCfg = Release|Any CPU
		{1F5D8095-07E3-45D1-A08F-9F00DA59AF90}.Release|Any CPU.Build.0 = Release|Any CPU
		{1F5D8095-07E3-45D1-A08F-9F00DA59AF90}.Release|x64.ActiveCfg = Release|Any CPU
		{1F5D8095-07E3-45D1-A08F-9F00DA59AF90}.Release|x64.Build.0 = Release|Any CPU
		{6FCE5B3B-D43E-4ED9-8B12-0BF618F19AEE}.Debug|Any CPU.ActiveCfg = Debug|x64
		{6FCE5B3B-D43E-4ED9-8B12-0BF618F19AEE}.Debug|x64.ActiveCfg = Debug|x64
		{6FCE5B3B-D43E-4ED9-8B12-0BF618F19AEE}.Debug|x64.Build.0 = Debug|x64
		{6FCE5B3B-D43E-4ED9-8B12-0BF618F19AEE}.Debug|x64.Deploy.0 = Debug|x64
		{6FCE5B3B-D43E-4ED9-8B12-0BF618F19AEE}.Release|Any CPU.ActiveCfg = Release|x64
		{6FCE5B3B-D43E-4ED9-8B12-0BF618F19AEE}.Release|x64.ActiveCfg = Release|x64
		{6FCE5B3B-D43E-4ED9-8B12-0BF618F19AEE}.Release|x64.Build.0 = Release|x64
		{6FCE5B3B-D43E-4ED9-8B12-0BF618F19AEE}.Release|x64.Deploy.0 = Release|x64
		{0C3E3863-30A6-49A7-80BE-C85FE700E6FA}.Debug|Any CPU.ActiveCfg = Debug|x64
		{0C3E3863-30A6-49A7-80BE-C85FE700E6FA}.Debug|x64.ActiveCfg = Debug|x64
		{0C3E3863-30A6-49A7-80BE-C85FE700E6FA}.Debug|x64.Build.0 = Debug|x64
		{0C3E3863-30A6-49A7-80BE-C85FE700E6FA}.Release|Any CPU.ActiveCfg = Release|x64
		{0C3E3863-30A6-49A7-80BE-C85FE700E6FA}.Release|x64.ActiveCfg = Release|x64
		{0C3E3863-30A6-49A7-80BE-C85FE700E6FA}.Release|x64.Build.0 = Release|x64
		{2F78046A-6CBF-4B0E-9E7E-378FFCD25C0A}.Debug|Any CPU.ActiveCfg = Debug|x64
		{2F78046A-6CBF-4B0E-9E7E-378FFCD25C0A}.Debug|x64.ActiveCfg = Debug|x64
		{2F78046A-6CBF-4B0E-9E7E-378FFCD25C0A}.Debug|x64.Build.0 = Debug|x64
		{2F78046A-6CBF-4B0E-9E7E-378FFCD25C0A}.Release|Any CPU.ActiveCfg = Release|x64
		{2F78046A-6CBF-4B0E-9E7E-378FFCD25C0A}.Release|x64.ActiveCfg = Release|x64
		{2F78046A-6CBF-4B0E-9E7E-378FFCD25C0A}.Release|x64.Build.0 = Release|x64
	EndGlobalSection
	GlobalSection(SolutionProperties) = preSolution
		HideSolutionNode = FALSE
	EndGlobalSection
	GlobalSection(NestedProjects) = preSolution
		{15DF677A-5A7D-4926-A06B-83C8B24BD46E} = {79E13728-28B8-46E6-9AEE-874AE9C32D44}
		{1A506B0D-1D3F-47A8-A3DD-225D35B0CCDF} = {EC345161-12FD-4BD5-B4BA-EAEF4B83CC4F}
		{EC345161-12FD-4BD5-B4BA-EAEF4B83CC4F} = {79E13728-28B8-46E6-9AEE-874AE9C32D44}
		{FC96758C-4548-4BF4-85AB-13CC2CB4AF07} = {79E13728-28B8-46E6-9AEE-874AE9C32D44}
		{B9126B00-5A97-4C7D-B395-755456E5FA28} = {FC96758C-4548-4BF4-85AB-13CC2CB4AF07}
		{380AF497-D2B5-49B2-AA7A-B0D86991B390} = {FC96758C-4548-4BF4-85AB-13CC2CB4AF07}
		{2ACB382A-38FA-49A6-A9CD-212881D3CD37} = {FC96758C-4548-4BF4-85AB-13CC2CB4AF07}
		{88646293-4CDB-4322-A6D1-0C3F426E0F5C} = {79E13728-28B8-46E6-9AEE-874AE9C32D44}
		{0AE15573-C739-48B1-8528-9E841953DADB} = {EC345161-12FD-4BD5-B4BA-EAEF4B83CC4F}
		{B9E602CC-1A71-40B8-82A2-67761B671302} = {EC345161-12FD-4BD5-B4BA-EAEF4B83CC4F}
		{70068E07-298E-435C-9623-4141BDEAC4D0} = {88646293-4CDB-4322-A6D1-0C3F426E0F5C}
		{6DDFEDE9-27DA-4A67-80BD-53AFFF7D8A7A} = {88646293-4CDB-4322-A6D1-0C3F426E0F5C}
		{C13C821F-CF91-43D1-BBC3-6D0BB62732B5} = {88646293-4CDB-4322-A6D1-0C3F426E0F5C}
		{4545AA51-B436-4D91-BCDE-19AFCB294F5C} = {88646293-4CDB-4322-A6D1-0C3F426E0F5C}
		{A0BD1AED-A6F4-4EE0-B77B-5C0C0E5FE61B} = {88646293-4CDB-4322-A6D1-0C3F426E0F5C}
		{E5A43E67-790C-4158-B86D-95930ADDEF26} = {79E13728-28B8-46E6-9AEE-874AE9C32D44}
		{D9AF4913-ABB5-4E66-B2FD-EB0E925E098E} = {88646293-4CDB-4322-A6D1-0C3F426E0F5C}
		{91B8D37F-DB67-47B8-8DC9-CA2B4071132A} = {1F5C5A06-4D6C-4AAC-9AB5-F10E5B3D99EC}
		{53B04BB7-734F-4A79-A73A-579F75082A67} = {91B8D37F-DB67-47B8-8DC9-CA2B4071132A}
		{D82A16D0-B813-4A71-93A9-0752A549E197} = {91B8D37F-DB67-47B8-8DC9-CA2B4071132A}
		{06555689-BD0B-47CC-BBF7-A03DE245FD0B} = {91B8D37F-DB67-47B8-8DC9-CA2B4071132A}
		{9BD895A1-3DF2-447F-9086-6F85F72ACB7B} = {1F5C5A06-4D6C-4AAC-9AB5-F10E5B3D99EC}
		{5F6C7696-E736-4AAA-A590-372D69328C3F} = {1F5C5A06-4D6C-4AAC-9AB5-F10E5B3D99EC}
		{0B6D733A-61D0-4399-83C9-DA5C26C9F38F} = {1F5C5A06-4D6C-4AAC-9AB5-F10E5B3D99EC}
		{A11C1439-E356-4D86-82D5-03F4576E3D6E} = {9BD895A1-3DF2-447F-9086-6F85F72ACB7B}
		{AC82FE86-A127-4131-9270-4B43618276EB} = {9BD895A1-3DF2-447F-9086-6F85F72ACB7B}
		{A7D7EB7A-0769-49BF-8C64-96AE0DED7F19} = {9BD895A1-3DF2-447F-9086-6F85F72ACB7B}
		{9AD2F8A0-3F38-4DAF-8460-ED41F7D8A8A0} = {5F6C7696-E736-4AAA-A590-372D69328C3F}
		{7C8E706F-41CE-43D2-B14E-96884386F497} = {5F6C7696-E736-4AAA-A590-372D69328C3F}
		{25778132-B82A-4153-8317-1B821E276422} = {5F6C7696-E736-4AAA-A590-372D69328C3F}
		{B98250ED-8F98-42A7-983C-95CC4C28B25A} = {1F5C5A06-4D6C-4AAC-9AB5-F10E5B3D99EC}
		{EF39D344-1B88-4B0A-9CBE-D568ABD8E24E} = {1F5C5A06-4D6C-4AAC-9AB5-F10E5B3D99EC}
		{561ED4B1-AB29-47E9-9A27-FED89A0EC079} = {B98250ED-8F98-42A7-983C-95CC4C28B25A}
		{8A8B8472-101D-41D7-B7EC-48DCBAA778BF} = {B98250ED-8F98-42A7-983C-95CC4C28B25A}
		{3A27FADC-2F1B-4BA2-9031-47208FF541DB} = {B98250ED-8F98-42A7-983C-95CC4C28B25A}
		{ADCB6E3E-7D3A-448A-BFC3-EAD0E4DBEBF5} = {B98250ED-8F98-42A7-983C-95CC4C28B25A}
		{7B154357-2F9B-437C-90B3-C1E6C6FD36DD} = {91B8D37F-DB67-47B8-8DC9-CA2B4071132A}
		{D5139033-62A3-4978-B203-ABA6443C1E22} = {9BD895A1-3DF2-447F-9086-6F85F72ACB7B}
		{0C3E3863-30A6-49A7-80BE-C85FE700E6FA} = {91B8D37F-DB67-47B8-8DC9-CA2B4071132A}
		{2F78046A-6CBF-4B0E-9E7E-378FFCD25C0A} = {9BD895A1-3DF2-447F-9086-6F85F72ACB7B}
	EndGlobalSection
EndGlobal
