
Microsoft Visual Studio Solution File, Format Version 12.00
# Visual Studio 14
VisualStudioVersion = 14.0.24720.0
MinimumVisualStudioVersion = 10.0.40219.1
Project("{2150E333-8FDC-42A3-9474-1A3956D46DE8}") = ".paket", ".paket", "{75DE9727-0A5C-4285-874E-200AF72C99EC}"
	ProjectSection(SolutionItems) = preProject
		paket.dependencies = paket.dependencies
	EndProjectSection
EndProject
Project("{FAE04EC0-301F-11D3-BF4B-00C04F79EFBC}") = "Tests", "Tests\Tests.csproj", "{25778132-B82A-4153-8317-1B821E276422}"
EndProject
Project("{2150E333-8FDC-42A3-9474-1A3956D46DE8}") = "Module", "Module", "{8C5F2807-5DBB-444E-9CFC-F02DAC7DCB09}"
EndProject
Project("{2150E333-8FDC-42A3-9474-1A3956D46DE8}") = "Upstream", "Upstream", "{F06E5929-6C67-4CA7-B027-836B0938726E}"
EndProject
Project("{FAE04EC0-301F-11D3-BF4B-00C04F79EFBC}") = "Data.Client", "..\Data\Data.Client\Data.Client.csproj", "{90BE15E0-430F-4773-BAF7-A614CD846E87}"
EndProject
Project("{FAE04EC0-301F-11D3-BF4B-00C04F79EFBC}") = "Data.Models", "..\Data\Data.Models\Data.Models.csproj", "{13094DDF-F239-493D-923E-298AC8397A5F}"
EndProject
Project("{2150E333-8FDC-42A3-9474-1A3956D46DE8}") = "Data", "Data", "{64A8665A-8C3B-47A4-ACC5-4539C86BEAA9}"
EndProject
Project("{FAE04EC0-301F-11D3-BF4B-00C04F79EFBC}") = "Domain", "Domain\Domain.csproj", "{7C8E706F-41CE-43D2-B14E-96884386F497}"
EndProject
Project("{FAE04EC0-301F-11D3-BF4B-00C04F79EFBC}") = "Engine", "Engine\Engine.csproj", "{9AD2F8A0-3F38-4DAF-8460-ED41F7D8A8A0}"
EndProject
Project("{2150E333-8FDC-42A3-9474-1A3956D46DE8}") = "Framework", "Framework", "{AD53D64A-0AB8-4454-8CBF-50B336810293}"
EndProject
Project("{FAE04EC0-301F-11D3-BF4B-00C04F79EFBC}") = "Framework.Common", "..\Framework\Common\Framework.Common.csproj", "{70068E07-298E-435C-9623-4141BDEAC4D0}"
EndProject
Project("{FAE04EC0-301F-11D3-BF4B-00C04F79EFBC}") = "Framework.Infrastructure", "..\Framework\Infrastructure\Framework.Infrastructure.csproj", "{C13C821F-CF91-43D1-BBC3-6D0BB62732B5}"
EndProject
Project("{2150E333-8FDC-42A3-9474-1A3956D46DE8}") = "Paramore", "Paramore", "{265EE2A8-DB42-4EBC-ADD0-0B7F508942E2}"
EndProject
Project("{FAE04EC0-301F-11D3-BF4B-00C04F79EFBC}") = "paramore.brighter.commandprocessor", "..\Framework\Paramore\paramore.brighter.commandprocessor\paramore.brighter.commandprocessor.csproj", "{2ACB382A-38FA-49A6-A9CD-212881D3CD37}"
EndProject
Project("{FAE04EC0-301F-11D3-BF4B-00C04F79EFBC}") = "Web", "Web\Web.csproj", "{A7C5D075-13D1-4354-8004-FABE68C1A028}"
EndProject
Project("{FAE04EC0-301F-11D3-BF4B-00C04F79EFBC}") = "Framework.Client", "..\Framework\Client\Framework.Client.csproj", "{6DDFEDE9-27DA-4A67-80BD-53AFFF7D8A7A}"
EndProject
Global
	GlobalSection(SolutionConfigurationPlatforms) = preSolution
		Debug|Any CPU = Debug|Any CPU
		Release|Any CPU = Release|Any CPU
	EndGlobalSection
	GlobalSection(ProjectConfigurationPlatforms) = postSolution
		{25778132-B82A-4153-8317-1B821E276422}.Debug|Any CPU.ActiveCfg = Debug|Any CPU
		{25778132-B82A-4153-8317-1B821E276422}.Debug|Any CPU.Build.0 = Debug|Any CPU
		{25778132-B82A-4153-8317-1B821E276422}.Release|Any CPU.ActiveCfg = Release|Any CPU
		{25778132-B82A-4153-8317-1B821E276422}.Release|Any CPU.Build.0 = Release|Any CPU
		{90BE15E0-430F-4773-BAF7-A614CD846E87}.Debug|Any CPU.ActiveCfg = Debug|Any CPU
		{90BE15E0-430F-4773-BAF7-A614CD846E87}.Debug|Any CPU.Build.0 = Debug|Any CPU
		{90BE15E0-430F-4773-BAF7-A614CD846E87}.Release|Any CPU.ActiveCfg = Release|Any CPU
		{90BE15E0-430F-4773-BAF7-A614CD846E87}.Release|Any CPU.Build.0 = Release|Any CPU
		{13094DDF-F239-493D-923E-298AC8397A5F}.Debug|Any CPU.ActiveCfg = Debug|Any CPU
		{13094DDF-F239-493D-923E-298AC8397A5F}.Debug|Any CPU.Build.0 = Debug|Any CPU
		{13094DDF-F239-493D-923E-298AC8397A5F}.Release|Any CPU.ActiveCfg = Release|Any CPU
		{13094DDF-F239-493D-923E-298AC8397A5F}.Release|Any CPU.Build.0 = Release|Any CPU
		{7C8E706F-41CE-43D2-B14E-96884386F497}.Debug|Any CPU.ActiveCfg = Debug|Any CPU
		{7C8E706F-41CE-43D2-B14E-96884386F497}.Debug|Any CPU.Build.0 = Debug|Any CPU
		{7C8E706F-41CE-43D2-B14E-96884386F497}.Release|Any CPU.ActiveCfg = Release|Any CPU
		{7C8E706F-41CE-43D2-B14E-96884386F497}.Release|Any CPU.Build.0 = Release|Any CPU
		{9AD2F8A0-3F38-4DAF-8460-ED41F7D8A8A0}.Debug|Any CPU.ActiveCfg = Debug|Any CPU
		{9AD2F8A0-3F38-4DAF-8460-ED41F7D8A8A0}.Debug|Any CPU.Build.0 = Debug|Any CPU
		{9AD2F8A0-3F38-4DAF-8460-ED41F7D8A8A0}.Release|Any CPU.ActiveCfg = Release|Any CPU
		{9AD2F8A0-3F38-4DAF-8460-ED41F7D8A8A0}.Release|Any CPU.Build.0 = Release|Any CPU
		{70068E07-298E-435C-9623-4141BDEAC4D0}.Debug|Any CPU.ActiveCfg = Debug|Any CPU
		{70068E07-298E-435C-9623-4141BDEAC4D0}.Debug|Any CPU.Build.0 = Debug|Any CPU
		{70068E07-298E-435C-9623-4141BDEAC4D0}.Release|Any CPU.ActiveCfg = Release|Any CPU
		{70068E07-298E-435C-9623-4141BDEAC4D0}.Release|Any CPU.Build.0 = Release|Any CPU
		{C13C821F-CF91-43D1-BBC3-6D0BB62732B5}.Debug|Any CPU.ActiveCfg = Debug|Any CPU
		{C13C821F-CF91-43D1-BBC3-6D0BB62732B5}.Debug|Any CPU.Build.0 = Debug|Any CPU
		{C13C821F-CF91-43D1-BBC3-6D0BB62732B5}.Release|Any CPU.ActiveCfg = Release|Any CPU
		{C13C821F-CF91-43D1-BBC3-6D0BB62732B5}.Release|Any CPU.Build.0 = Release|Any CPU
		{2ACB382A-38FA-49A6-A9CD-212881D3CD37}.Debug|Any CPU.ActiveCfg = Debug|Any CPU
		{2ACB382A-38FA-49A6-A9CD-212881D3CD37}.Debug|Any CPU.Build.0 = Debug|Any CPU
		{2ACB382A-38FA-49A6-A9CD-212881D3CD37}.Release|Any CPU.ActiveCfg = Release|Any CPU
		{2ACB382A-38FA-49A6-A9CD-212881D3CD37}.Release|Any CPU.Build.0 = Release|Any CPU
		{A7C5D075-13D1-4354-8004-FABE68C1A028}.Debug|Any CPU.ActiveCfg = Debug|Any CPU
		{A7C5D075-13D1-4354-8004-FABE68C1A028}.Debug|Any CPU.Build.0 = Debug|Any CPU
		{A7C5D075-13D1-4354-8004-FABE68C1A028}.Release|Any CPU.ActiveCfg = Release|Any CPU
		{A7C5D075-13D1-4354-8004-FABE68C1A028}.Release|Any CPU.Build.0 = Release|Any CPU
		{6DDFEDE9-27DA-4A67-80BD-53AFFF7D8A7A}.Debug|Any CPU.ActiveCfg = Debug|Any CPU
		{6DDFEDE9-27DA-4A67-80BD-53AFFF7D8A7A}.Debug|Any CPU.Build.0 = Debug|Any CPU
		{6DDFEDE9-27DA-4A67-80BD-53AFFF7D8A7A}.Release|Any CPU.ActiveCfg = Release|Any CPU
		{6DDFEDE9-27DA-4A67-80BD-53AFFF7D8A7A}.Release|Any CPU.Build.0 = Release|Any CPU
	EndGlobalSection
	GlobalSection(SolutionProperties) = preSolution
		HideSolutionNode = FALSE
	EndGlobalSection
	GlobalSection(NestedProjects) = preSolution
		{25778132-B82A-4153-8317-1B821E276422} = {8C5F2807-5DBB-444E-9CFC-F02DAC7DCB09}
		{90BE15E0-430F-4773-BAF7-A614CD846E87} = {64A8665A-8C3B-47A4-ACC5-4539C86BEAA9}
		{13094DDF-F239-493D-923E-298AC8397A5F} = {64A8665A-8C3B-47A4-ACC5-4539C86BEAA9}
		{64A8665A-8C3B-47A4-ACC5-4539C86BEAA9} = {F06E5929-6C67-4CA7-B027-836B0938726E}
		{7C8E706F-41CE-43D2-B14E-96884386F497} = {8C5F2807-5DBB-444E-9CFC-F02DAC7DCB09}
		{9AD2F8A0-3F38-4DAF-8460-ED41F7D8A8A0} = {8C5F2807-5DBB-444E-9CFC-F02DAC7DCB09}
		{70068E07-298E-435C-9623-4141BDEAC4D0} = {AD53D64A-0AB8-4454-8CBF-50B336810293}
		{C13C821F-CF91-43D1-BBC3-6D0BB62732B5} = {AD53D64A-0AB8-4454-8CBF-50B336810293}
		{265EE2A8-DB42-4EBC-ADD0-0B7F508942E2} = {AD53D64A-0AB8-4454-8CBF-50B336810293}
		{2ACB382A-38FA-49A6-A9CD-212881D3CD37} = {265EE2A8-DB42-4EBC-ADD0-0B7F508942E2}
		{A7C5D075-13D1-4354-8004-FABE68C1A028} = {8C5F2807-5DBB-444E-9CFC-F02DAC7DCB09}
		{6DDFEDE9-27DA-4A67-80BD-53AFFF7D8A7A} = {AD53D64A-0AB8-4454-8CBF-50B336810293}
	EndGlobalSection
EndGlobal
