
Microsoft Visual Studio Solution File, Format Version 12.00
# Visual Studio 14
VisualStudioVersion = 14.0.24720.0
MinimumVisualStudioVersion = 10.0.40219.1
Project("{2150E333-8FDC-42A3-9474-1A3956D46DE8}") = ".paket", ".paket", "{B22F3799-6F94-4B6E-9F02-521479C8E857}"
	ProjectSection(SolutionItems) = preProject
		paket.dependencies = paket.dependencies
	EndProjectSection
EndProject
Project("{FAE04EC0-301F-11D3-BF4B-00C04F79EFBC}") = "Web", "Web\Web.csproj", "{F7301354-0D0B-4536-BF4D-A72CA8D152AD}"
EndProject
Project("{2150E333-8FDC-42A3-9474-1A3956D46DE8}") = "Module", "Module", "{F1B12642-88F0-49EF-AA8E-71A629977B31}"
EndProject
Project("{2150E333-8FDC-42A3-9474-1A3956D46DE8}") = "Upstream", "Upstream", "{D6DDAF6E-7793-4597-A745-09FC33A7E158}"
EndProject
Project("{2150E333-8FDC-42A3-9474-1A3956D46DE8}") = "Framework", "Framework", "{062A986E-1285-4F54-9BFE-A24B3FDFF57B}"
EndProject
Project("{FAE04EC0-301F-11D3-BF4B-00C04F79EFBC}") = "Framework.Common", "..\..\Framework\Common\Framework.Common.csproj", "{70068E07-298E-435C-9623-4141BDEAC4D0}"
EndProject
Project("{FAE04EC0-301F-11D3-BF4B-00C04F79EFBC}") = "Framework.Infrastructure", "..\..\Framework\Infrastructure\Framework.Infrastructure.csproj", "{C13C821F-CF91-43D1-BBC3-6D0BB62732B5}"
EndProject
Project("{FAE04EC0-301F-11D3-BF4B-00C04F79EFBC}") = "Framework.Web", "..\..\Framework\Web\Framework.Web.csproj", "{A0BD1AED-A6F4-4EE0-B77B-5C0C0E5FE61B}"
EndProject
Project("{FAE04EC0-301F-11D3-BF4B-00C04F79EFBC}") = "Framework.Events", "..\..\Framework\Events\Framework.Events.csproj", "{3284BA06-FE38-44AA-B2E7-0B6D427897AD}"
EndProject
Project("{FAE04EC0-301F-11D3-BF4B-00C04F79EFBC}") = "Framework.Interfaces", "..\..\Framework\Services\Framework.Interfaces.csproj", "{4545AA51-B436-4D91-BCDE-19AFCB294F5C}"
EndProject
Project("{FAE04EC0-301F-11D3-BF4B-00C04F79EFBC}") = "Framework.Client", "..\..\Framework\Client\Framework.Client.csproj", "{6DDFEDE9-27DA-4A67-80BD-53AFFF7D8A7A}"
EndProject
Project("{2150E333-8FDC-42A3-9474-1A3956D46DE8}") = "AccessControl", "AccessControl", "{AE0A35F2-D486-4EEB-92E6-43521DD3BE42}"
EndProject
Project("{FAE04EC0-301F-11D3-BF4B-00C04F79EFBC}") = "Management.Events", "Management.Events\Management.Events.csproj", "{82C698EF-2E0C-4593-ADF5-D02AA5D73DB7}"
EndProject
Project("{2150E333-8FDC-42A3-9474-1A3956D46DE8}") = "Paramore", "Paramore", "{7687DFAC-66BF-4D8F-A286-DF42A1D47031}"
EndProject
Project("{FAE04EC0-301F-11D3-BF4B-00C04F79EFBC}") = "paramore.brighter.commandprocessor", "..\..\Framework\Paramore\paramore.brighter.commandprocessor\paramore.brighter.commandprocessor.csproj", "{2ACB382A-38FA-49A6-A9CD-212881D3CD37}"
EndProject
Project("{FAE04EC0-301F-11D3-BF4B-00C04F79EFBC}") = "paramore.brighter.commandprocessor.messaginggateway.rmq", "..\..\Framework\Paramore\paramore.brighter.commandprocessor.messaginggateway.rmq\paramore.brighter.commandprocessor.messaginggateway.rmq.csproj", "{380AF497-D2B5-49B2-AA7A-B0D86991B390}"
EndProject
Project("{FAE04EC0-301F-11D3-BF4B-00C04F79EFBC}") = "paramore.brighter.serviceactivator", "..\..\Framework\Paramore\paramore.brighter.serviceactivator\paramore.brighter.serviceactivator.csproj", "{B9126B00-5A97-4C7D-B395-755456E5FA28}"
EndProject
Project("{FAE04EC0-301F-11D3-BF4B-00C04F79EFBC}") = "Framework.Fixtures", "..\..\Framework\Fixtures\Framework.Fixtures.csproj", "{B9E602CC-1A71-40B8-82A2-67761B671302}"
EndProject
Project("{FAE04EC0-301F-11D3-BF4B-00C04F79EFBC}") = "Management.Models", "Management.Models\Management.Models.csproj", "{971EE991-90B0-4D5D-AE18-00BA961DC508}"
EndProject
Project("{FAE04EC0-301F-11D3-BF4B-00C04F79EFBC}") = "Domain", "Domain\Domain.csproj", "{A11C1439-E356-4D86-82D5-03F4576E3D6E}"
EndProject
Project("{FAE04EC0-301F-11D3-BF4B-00C04F79EFBC}") = "Engine", "Engine\Engine.csproj", "{AC82FE86-A127-4131-9270-4B43618276EB}"
EndProject
Project("{FAE04EC0-301F-11D3-BF4B-00C04F79EFBC}") = "Management.Client", "Management.Client\Management.Client.csproj", "{C0BA0548-D924-4C50-8689-01AF5E0DE2EE}"
EndProject
Project("{FAE04EC0-301F-11D3-BF4B-00C04F79EFBC}") = "AccessControl.Events", "..\AccessControl\AccessControl.Events\AccessControl.Events.csproj", "{AF01AC6E-087A-42E4-8948-425A66927C99}"
EndProject
Project("{FAE04EC0-301F-11D3-BF4B-00C04F79EFBC}") = "Tests", "Tests\Tests.csproj", "{A7D7EB7A-0769-49BF-8C64-96AE0DED7F19}"
EndProject
Global
	GlobalSection(SolutionConfigurationPlatforms) = preSolution
		Debug|Any CPU = Debug|Any CPU
		Release|Any CPU = Release|Any CPU
	EndGlobalSection
	GlobalSection(ProjectConfigurationPlatforms) = postSolution
		{F7301354-0D0B-4536-BF4D-A72CA8D152AD}.Debug|Any CPU.ActiveCfg = Debug|Any CPU
		{F7301354-0D0B-4536-BF4D-A72CA8D152AD}.Debug|Any CPU.Build.0 = Debug|Any CPU
		{F7301354-0D0B-4536-BF4D-A72CA8D152AD}.Release|Any CPU.ActiveCfg = Release|Any CPU
		{F7301354-0D0B-4536-BF4D-A72CA8D152AD}.Release|Any CPU.Build.0 = Release|Any CPU
		{70068E07-298E-435C-9623-4141BDEAC4D0}.Debug|Any CPU.ActiveCfg = Debug|Any CPU
		{70068E07-298E-435C-9623-4141BDEAC4D0}.Debug|Any CPU.Build.0 = Debug|Any CPU
		{70068E07-298E-435C-9623-4141BDEAC4D0}.Release|Any CPU.ActiveCfg = Release|Any CPU
		{70068E07-298E-435C-9623-4141BDEAC4D0}.Release|Any CPU.Build.0 = Release|Any CPU
		{C13C821F-CF91-43D1-BBC3-6D0BB62732B5}.Debug|Any CPU.ActiveCfg = Debug|Any CPU
		{C13C821F-CF91-43D1-BBC3-6D0BB62732B5}.Debug|Any CPU.Build.0 = Debug|Any CPU
		{C13C821F-CF91-43D1-BBC3-6D0BB62732B5}.Release|Any CPU.ActiveCfg = Release|Any CPU
		{C13C821F-CF91-43D1-BBC3-6D0BB62732B5}.Release|Any CPU.Build.0 = Release|Any CPU
		{A0BD1AED-A6F4-4EE0-B77B-5C0C0E5FE61B}.Debug|Any CPU.ActiveCfg = Debug|Any CPU
		{A0BD1AED-A6F4-4EE0-B77B-5C0C0E5FE61B}.Debug|Any CPU.Build.0 = Debug|Any CPU
		{A0BD1AED-A6F4-4EE0-B77B-5C0C0E5FE61B}.Release|Any CPU.ActiveCfg = Release|Any CPU
		{A0BD1AED-A6F4-4EE0-B77B-5C0C0E5FE61B}.Release|Any CPU.Build.0 = Release|Any CPU
		{3284BA06-FE38-44AA-B2E7-0B6D427897AD}.Debug|Any CPU.ActiveCfg = Debug|Any CPU
		{3284BA06-FE38-44AA-B2E7-0B6D427897AD}.Debug|Any CPU.Build.0 = Debug|Any CPU
		{3284BA06-FE38-44AA-B2E7-0B6D427897AD}.Release|Any CPU.ActiveCfg = Release|Any CPU
		{3284BA06-FE38-44AA-B2E7-0B6D427897AD}.Release|Any CPU.Build.0 = Release|Any CPU
		{4545AA51-B436-4D91-BCDE-19AFCB294F5C}.Debug|Any CPU.ActiveCfg = Debug|Any CPU
		{4545AA51-B436-4D91-BCDE-19AFCB294F5C}.Debug|Any CPU.Build.0 = Debug|Any CPU
		{4545AA51-B436-4D91-BCDE-19AFCB294F5C}.Release|Any CPU.ActiveCfg = Release|Any CPU
		{4545AA51-B436-4D91-BCDE-19AFCB294F5C}.Release|Any CPU.Build.0 = Release|Any CPU
		{6DDFEDE9-27DA-4A67-80BD-53AFFF7D8A7A}.Debug|Any CPU.ActiveCfg = Debug|Any CPU
		{6DDFEDE9-27DA-4A67-80BD-53AFFF7D8A7A}.Debug|Any CPU.Build.0 = Debug|Any CPU
		{6DDFEDE9-27DA-4A67-80BD-53AFFF7D8A7A}.Release|Any CPU.ActiveCfg = Release|Any CPU
		{6DDFEDE9-27DA-4A67-80BD-53AFFF7D8A7A}.Release|Any CPU.Build.0 = Release|Any CPU
		{82C698EF-2E0C-4593-ADF5-D02AA5D73DB7}.Debug|Any CPU.ActiveCfg = Debug|Any CPU
		{82C698EF-2E0C-4593-ADF5-D02AA5D73DB7}.Debug|Any CPU.Build.0 = Debug|Any CPU
		{82C698EF-2E0C-4593-ADF5-D02AA5D73DB7}.Release|Any CPU.ActiveCfg = Release|Any CPU
		{82C698EF-2E0C-4593-ADF5-D02AA5D73DB7}.Release|Any CPU.Build.0 = Release|Any CPU
		{2ACB382A-38FA-49A6-A9CD-212881D3CD37}.Debug|Any CPU.ActiveCfg = Debug|Any CPU
		{2ACB382A-38FA-49A6-A9CD-212881D3CD37}.Debug|Any CPU.Build.0 = Debug|Any CPU
		{2ACB382A-38FA-49A6-A9CD-212881D3CD37}.Release|Any CPU.ActiveCfg = Release|Any CPU
		{2ACB382A-38FA-49A6-A9CD-212881D3CD37}.Release|Any CPU.Build.0 = Release|Any CPU
		{380AF497-D2B5-49B2-AA7A-B0D86991B390}.Debug|Any CPU.ActiveCfg = Debug|Any CPU
		{380AF497-D2B5-49B2-AA7A-B0D86991B390}.Debug|Any CPU.Build.0 = Debug|Any CPU
		{380AF497-D2B5-49B2-AA7A-B0D86991B390}.Release|Any CPU.ActiveCfg = Release|Any CPU
		{380AF497-D2B5-49B2-AA7A-B0D86991B390}.Release|Any CPU.Build.0 = Release|Any CPU
		{B9126B00-5A97-4C7D-B395-755456E5FA28}.Debug|Any CPU.ActiveCfg = Debug|Any CPU
		{B9126B00-5A97-4C7D-B395-755456E5FA28}.Debug|Any CPU.Build.0 = Debug|Any CPU
		{B9126B00-5A97-4C7D-B395-755456E5FA28}.Release|Any CPU.ActiveCfg = Release|Any CPU
		{B9126B00-5A97-4C7D-B395-755456E5FA28}.Release|Any CPU.Build.0 = Release|Any CPU
		{B9E602CC-1A71-40B8-82A2-67761B671302}.Debug|Any CPU.ActiveCfg = Debug|Any CPU
		{B9E602CC-1A71-40B8-82A2-67761B671302}.Debug|Any CPU.Build.0 = Debug|Any CPU
		{B9E602CC-1A71-40B8-82A2-67761B671302}.Release|Any CPU.ActiveCfg = Release|Any CPU
		{B9E602CC-1A71-40B8-82A2-67761B671302}.Release|Any CPU.Build.0 = Release|Any CPU
		{971EE991-90B0-4D5D-AE18-00BA961DC508}.Debug|Any CPU.ActiveCfg = Debug|Any CPU
		{971EE991-90B0-4D5D-AE18-00BA961DC508}.Debug|Any CPU.Build.0 = Debug|Any CPU
		{971EE991-90B0-4D5D-AE18-00BA961DC508}.Release|Any CPU.ActiveCfg = Release|Any CPU
		{971EE991-90B0-4D5D-AE18-00BA961DC508}.Release|Any CPU.Build.0 = Release|Any CPU
		{A11C1439-E356-4D86-82D5-03F4576E3D6E}.Debug|Any CPU.ActiveCfg = Debug|Any CPU
		{A11C1439-E356-4D86-82D5-03F4576E3D6E}.Debug|Any CPU.Build.0 = Debug|Any CPU
		{A11C1439-E356-4D86-82D5-03F4576E3D6E}.Release|Any CPU.ActiveCfg = Release|Any CPU
		{A11C1439-E356-4D86-82D5-03F4576E3D6E}.Release|Any CPU.Build.0 = Release|Any CPU
		{AC82FE86-A127-4131-9270-4B43618276EB}.Debug|Any CPU.ActiveCfg = Debug|Any CPU
		{AC82FE86-A127-4131-9270-4B43618276EB}.Debug|Any CPU.Build.0 = Debug|Any CPU
		{AC82FE86-A127-4131-9270-4B43618276EB}.Release|Any CPU.ActiveCfg = Release|Any CPU
		{AC82FE86-A127-4131-9270-4B43618276EB}.Release|Any CPU.Build.0 = Release|Any CPU
		{C0BA0548-D924-4C50-8689-01AF5E0DE2EE}.Debug|Any CPU.ActiveCfg = Debug|Any CPU
		{C0BA0548-D924-4C50-8689-01AF5E0DE2EE}.Debug|Any CPU.Build.0 = Debug|Any CPU
		{C0BA0548-D924-4C50-8689-01AF5E0DE2EE}.Release|Any CPU.ActiveCfg = Release|Any CPU
		{C0BA0548-D924-4C50-8689-01AF5E0DE2EE}.Release|Any CPU.Build.0 = Release|Any CPU
		{AF01AC6E-087A-42E4-8948-425A66927C99}.Debug|Any CPU.ActiveCfg = Debug|Any CPU
		{AF01AC6E-087A-42E4-8948-425A66927C99}.Debug|Any CPU.Build.0 = Debug|Any CPU
		{AF01AC6E-087A-42E4-8948-425A66927C99}.Release|Any CPU.ActiveCfg = Release|Any CPU
		{AF01AC6E-087A-42E4-8948-425A66927C99}.Release|Any CPU.Build.0 = Release|Any CPU
		{A7D7EB7A-0769-49BF-8C64-96AE0DED7F19}.Debug|Any CPU.ActiveCfg = Debug|Any CPU
		{A7D7EB7A-0769-49BF-8C64-96AE0DED7F19}.Debug|Any CPU.Build.0 = Debug|Any CPU
		{A7D7EB7A-0769-49BF-8C64-96AE0DED7F19}.Release|Any CPU.ActiveCfg = Release|Any CPU
		{A7D7EB7A-0769-49BF-8C64-96AE0DED7F19}.Release|Any CPU.Build.0 = Release|Any CPU
	EndGlobalSection
	GlobalSection(SolutionProperties) = preSolution
		HideSolutionNode = FALSE
	EndGlobalSection
	GlobalSection(NestedProjects) = preSolution
		{F7301354-0D0B-4536-BF4D-A72CA8D152AD} = {F1B12642-88F0-49EF-AA8E-71A629977B31}
		{70068E07-298E-435C-9623-4141BDEAC4D0} = {062A986E-1285-4F54-9BFE-A24B3FDFF57B}
		{C13C821F-CF91-43D1-BBC3-6D0BB62732B5} = {062A986E-1285-4F54-9BFE-A24B3FDFF57B}
		{A0BD1AED-A6F4-4EE0-B77B-5C0C0E5FE61B} = {062A986E-1285-4F54-9BFE-A24B3FDFF57B}
		{3284BA06-FE38-44AA-B2E7-0B6D427897AD} = {062A986E-1285-4F54-9BFE-A24B3FDFF57B}
		{4545AA51-B436-4D91-BCDE-19AFCB294F5C} = {062A986E-1285-4F54-9BFE-A24B3FDFF57B}
		{6DDFEDE9-27DA-4A67-80BD-53AFFF7D8A7A} = {062A986E-1285-4F54-9BFE-A24B3FDFF57B}
		{AE0A35F2-D486-4EEB-92E6-43521DD3BE42} = {D6DDAF6E-7793-4597-A745-09FC33A7E158}
		{82C698EF-2E0C-4593-ADF5-D02AA5D73DB7} = {F1B12642-88F0-49EF-AA8E-71A629977B31}
		{7687DFAC-66BF-4D8F-A286-DF42A1D47031} = {062A986E-1285-4F54-9BFE-A24B3FDFF57B}
		{2ACB382A-38FA-49A6-A9CD-212881D3CD37} = {7687DFAC-66BF-4D8F-A286-DF42A1D47031}
		{380AF497-D2B5-49B2-AA7A-B0D86991B390} = {7687DFAC-66BF-4D8F-A286-DF42A1D47031}
		{B9126B00-5A97-4C7D-B395-755456E5FA28} = {7687DFAC-66BF-4D8F-A286-DF42A1D47031}
		{B9E602CC-1A71-40B8-82A2-67761B671302} = {062A986E-1285-4F54-9BFE-A24B3FDFF57B}
		{971EE991-90B0-4D5D-AE18-00BA961DC508} = {F1B12642-88F0-49EF-AA8E-71A629977B31}
		{A11C1439-E356-4D86-82D5-03F4576E3D6E} = {F1B12642-88F0-49EF-AA8E-71A629977B31}
		{AC82FE86-A127-4131-9270-4B43618276EB} = {F1B12642-88F0-49EF-AA8E-71A629977B31}
		{C0BA0548-D924-4C50-8689-01AF5E0DE2EE} = {F1B12642-88F0-49EF-AA8E-71A629977B31}
		{AF01AC6E-087A-42E4-8948-425A66927C99} = {AE0A35F2-D486-4EEB-92E6-43521DD3BE42}
		{A7D7EB7A-0769-49BF-8C64-96AE0DED7F19} = {F1B12642-88F0-49EF-AA8E-71A629977B31}
	EndGlobalSection
EndGlobal
