
Microsoft Visual Studio Solution File, Format Version 12.00
# Visual Studio 14
VisualStudioVersion = 14.0.24720.0
MinimumVisualStudioVersion = 10.0.40219.1
Project("{2150E333-8FDC-42A3-9474-1A3956D46DE8}") = "Module", "Module", "{377CCB33-AA61-471C-B50E-046C579DAB5C}"
EndProject
Project("{FAE04EC0-301F-11D3-BF4B-00C04F79EFBC}") = "Web", "Web\Web.csproj", "{A7234B51-B93A-4423-AD17-4106336CCA95}"
EndProject
Project("{2150E333-8FDC-42A3-9474-1A3956D46DE8}") = "Upstream", "Upstream", "{DE0D9B2C-EAEE-4516-A0AD-8F09E9760FEB}"
EndProject
Project("{2150E333-8FDC-42A3-9474-1A3956D46DE8}") = "Solution Items", "Solution Items", "{B7D608E0-E92D-473E-A13E-35AFA88331F2}"
	ProjectSection(SolutionItems) = preProject
		Version.cs = Version.cs
	EndProjectSection
EndProject
Project("{2150E333-8FDC-42A3-9474-1A3956D46DE8}") = "Framework", "Framework", "{0859FD13-BC8D-4E7E-AC21-16042DF55F47}"
EndProject
Project("{2150E333-8FDC-42A3-9474-1A3956D46DE8}") = "Paramore", "Paramore", "{80CE60D9-73A7-4045-8D9E-A3288B35A9C5}"
EndProject
Project("{FAE04EC0-301F-11D3-BF4B-00C04F79EFBC}") = "paramore.brighter.commandprocessor.messaginggateway.rmq", "..\Framework\Paramore\paramore.brighter.commandprocessor.messaginggateway.rmq\paramore.brighter.commandprocessor.messaginggateway.rmq.csproj", "{380AF497-D2B5-49B2-AA7A-B0D86991B390}"
EndProject
Project("{FAE04EC0-301F-11D3-BF4B-00C04F79EFBC}") = "paramore.brighter.commandprocessor", "..\Framework\Paramore\paramore.brighter.commandprocessor\paramore.brighter.commandprocessor.csproj", "{2ACB382A-38FA-49A6-A9CD-212881D3CD37}"
EndProject
Project("{FAE04EC0-301F-11D3-BF4B-00C04F79EFBC}") = "paramore.brighter.serviceactivator", "..\Framework\Paramore\paramore.brighter.serviceactivator\paramore.brighter.serviceactivator.csproj", "{B9126B00-5A97-4C7D-B395-755456E5FA28}"
EndProject
Project("{FAE04EC0-301F-11D3-BF4B-00C04F79EFBC}") = "Framework.Infrastructure", "..\Framework\Infrastructure\Framework.Infrastructure.csproj", "{C13C821F-CF91-43D1-BBC3-6D0BB62732B5}"
EndProject
Project("{FAE04EC0-301F-11D3-BF4B-00C04F79EFBC}") = "Framework.Interfaces", "..\Framework\Services\Framework.Interfaces.csproj", "{4545AA51-B436-4D91-BCDE-19AFCB294F5C}"
EndProject
Project("{FAE04EC0-301F-11D3-BF4B-00C04F79EFBC}") = "Framework.Common", "..\Framework\Common\Framework.Common.csproj", "{70068E07-298E-435C-9623-4141BDEAC4D0}"
EndProject
Project("{FAE04EC0-301F-11D3-BF4B-00C04F79EFBC}") = "Framework.Client", "..\Framework\Client\Framework.Client.csproj", "{6DDFEDE9-27DA-4A67-80BD-53AFFF7D8A7A}"
EndProject
Project("{FAE04EC0-301F-11D3-BF4B-00C04F79EFBC}") = "Framework.Fixtures", "..\Framework\Fixtures\Framework.Fixtures.csproj", "{B9E602CC-1A71-40B8-82A2-67761B671302}"
EndProject
Project("{FAE04EC0-301F-11D3-BF4B-00C04F79EFBC}") = "Data.Events", "Data.Events\Data.Events.csproj", "{6B2512CC-50CB-43FD-8E6C-F9B514D537BD}"
EndProject
Project("{FAE04EC0-301F-11D3-BF4B-00C04F79EFBC}") = "Data.Client", "Data.Client\Data.Client.csproj", "{90BE15E0-430F-4773-BAF7-A614CD846E87}"
EndProject
Project("{FAE04EC0-301F-11D3-BF4B-00C04F79EFBC}") = "Data.Models", "Data.Models\Data.Models.csproj", "{13094DDF-F239-493D-923E-298AC8397A5F}"
EndProject
Project("{FAE04EC0-301F-11D3-BF4B-00C04F79EFBC}") = "Management.Events", "..\Management\Management.Events\Management.Events.csproj", "{82C698EF-2E0C-4593-ADF5-D02AA5D73DB7}"
EndProject
Project("{FAE04EC0-301F-11D3-BF4B-00C04F79EFBC}") = "Framework.Web", "..\Framework\Web\Framework.Web.csproj", "{A0BD1AED-A6F4-4EE0-B77B-5C0C0E5FE61B}"
EndProject
Project("{FAE04EC0-301F-11D3-BF4B-00C04F79EFBC}") = "Framework.Events", "..\Framework\Events\Framework.Events.csproj", "{3284BA06-FE38-44AA-B2E7-0B6D427897AD}"
EndProject
Project("{FAE04EC0-301F-11D3-BF4B-00C04F79EFBC}") = "Domain", "Domain\Domain.csproj", "{561ED4B1-AB29-47E9-9A27-FED89A0EC079}"
EndProject
Project("{FAE04EC0-301F-11D3-BF4B-00C04F79EFBC}") = "Management.Client", "..\Management\Management.Client\Management.Client.csproj", "{C0BA0548-D924-4C50-8689-01AF5E0DE2EE}"
EndProject
Project("{FAE04EC0-301F-11D3-BF4B-00C04F79EFBC}") = "Engine", "Engine\Engine.csproj", "{8A8B8472-101D-41D7-B7EC-48DCBAA778BF}"
EndProject
Project("{FAE04EC0-301F-11D3-BF4B-00C04F79EFBC}") = "Tests", "Tests\Tests.csproj", "{3A27FADC-2F1B-4BA2-9031-47208FF541DB}"
EndProject
Project("{FAE04EC0-301F-11D3-BF4B-00C04F79EFBC}") = "Management.Models", "..\Management\Management.Models\Management.Models.csproj", "{971EE991-90B0-4D5D-AE18-00BA961DC508}"
EndProject
Global
	GlobalSection(SolutionConfigurationPlatforms) = preSolution
		Debug|Any CPU = Debug|Any CPU
		Release|Any CPU = Release|Any CPU
	EndGlobalSection
	GlobalSection(ProjectConfigurationPlatforms) = postSolution
		{A7234B51-B93A-4423-AD17-4106336CCA95}.Debug|Any CPU.ActiveCfg = Debug|Any CPU
		{A7234B51-B93A-4423-AD17-4106336CCA95}.Debug|Any CPU.Build.0 = Debug|Any CPU
		{A7234B51-B93A-4423-AD17-4106336CCA95}.Release|Any CPU.ActiveCfg = Release|Any CPU
		{A7234B51-B93A-4423-AD17-4106336CCA95}.Release|Any CPU.Build.0 = Release|Any CPU
		{380AF497-D2B5-49B2-AA7A-B0D86991B390}.Debug|Any CPU.ActiveCfg = Debug|Any CPU
		{380AF497-D2B5-49B2-AA7A-B0D86991B390}.Debug|Any CPU.Build.0 = Debug|Any CPU
		{380AF497-D2B5-49B2-AA7A-B0D86991B390}.Release|Any CPU.ActiveCfg = Release|Any CPU
		{380AF497-D2B5-49B2-AA7A-B0D86991B390}.Release|Any CPU.Build.0 = Release|Any CPU
		{2ACB382A-38FA-49A6-A9CD-212881D3CD37}.Debug|Any CPU.ActiveCfg = Debug|Any CPU
		{2ACB382A-38FA-49A6-A9CD-212881D3CD37}.Debug|Any CPU.Build.0 = Debug|Any CPU
		{2ACB382A-38FA-49A6-A9CD-212881D3CD37}.Release|Any CPU.ActiveCfg = Release|Any CPU
		{2ACB382A-38FA-49A6-A9CD-212881D3CD37}.Release|Any CPU.Build.0 = Release|Any CPU
		{B9126B00-5A97-4C7D-B395-755456E5FA28}.Debug|Any CPU.ActiveCfg = Debug|Any CPU
		{B9126B00-5A97-4C7D-B395-755456E5FA28}.Debug|Any CPU.Build.0 = Debug|Any CPU
		{B9126B00-5A97-4C7D-B395-755456E5FA28}.Release|Any CPU.ActiveCfg = Release|Any CPU
		{B9126B00-5A97-4C7D-B395-755456E5FA28}.Release|Any CPU.Build.0 = Release|Any CPU
		{C13C821F-CF91-43D1-BBC3-6D0BB62732B5}.Debug|Any CPU.ActiveCfg = Debug|Any CPU
		{C13C821F-CF91-43D1-BBC3-6D0BB62732B5}.Debug|Any CPU.Build.0 = Debug|Any CPU
		{C13C821F-CF91-43D1-BBC3-6D0BB62732B5}.Release|Any CPU.ActiveCfg = Release|Any CPU
		{C13C821F-CF91-43D1-BBC3-6D0BB62732B5}.Release|Any CPU.Build.0 = Release|Any CPU
		{4545AA51-B436-4D91-BCDE-19AFCB294F5C}.Debug|Any CPU.ActiveCfg = Debug|Any CPU
		{4545AA51-B436-4D91-BCDE-19AFCB294F5C}.Debug|Any CPU.Build.0 = Debug|Any CPU
		{4545AA51-B436-4D91-BCDE-19AFCB294F5C}.Release|Any CPU.ActiveCfg = Release|Any CPU
		{4545AA51-B436-4D91-BCDE-19AFCB294F5C}.Release|Any CPU.Build.0 = Release|Any CPU
		{70068E07-298E-435C-9623-4141BDEAC4D0}.Debug|Any CPU.ActiveCfg = Debug|Any CPU
		{70068E07-298E-435C-9623-4141BDEAC4D0}.Debug|Any CPU.Build.0 = Debug|Any CPU
		{70068E07-298E-435C-9623-4141BDEAC4D0}.Release|Any CPU.ActiveCfg = Release|Any CPU
		{70068E07-298E-435C-9623-4141BDEAC4D0}.Release|Any CPU.Build.0 = Release|Any CPU
		{6DDFEDE9-27DA-4A67-80BD-53AFFF7D8A7A}.Debug|Any CPU.ActiveCfg = Debug|Any CPU
		{6DDFEDE9-27DA-4A67-80BD-53AFFF7D8A7A}.Debug|Any CPU.Build.0 = Debug|Any CPU
		{6DDFEDE9-27DA-4A67-80BD-53AFFF7D8A7A}.Release|Any CPU.ActiveCfg = Release|Any CPU
		{6DDFEDE9-27DA-4A67-80BD-53AFFF7D8A7A}.Release|Any CPU.Build.0 = Release|Any CPU
		{B9E602CC-1A71-40B8-82A2-67761B671302}.Debug|Any CPU.ActiveCfg = Debug|Any CPU
		{B9E602CC-1A71-40B8-82A2-67761B671302}.Debug|Any CPU.Build.0 = Debug|Any CPU
		{B9E602CC-1A71-40B8-82A2-67761B671302}.Release|Any CPU.ActiveCfg = Release|Any CPU
		{B9E602CC-1A71-40B8-82A2-67761B671302}.Release|Any CPU.Build.0 = Release|Any CPU
		{6B2512CC-50CB-43FD-8E6C-F9B514D537BD}.Debug|Any CPU.ActiveCfg = Debug|Any CPU
		{6B2512CC-50CB-43FD-8E6C-F9B514D537BD}.Debug|Any CPU.Build.0 = Debug|Any CPU
		{6B2512CC-50CB-43FD-8E6C-F9B514D537BD}.Release|Any CPU.ActiveCfg = Release|Any CPU
		{6B2512CC-50CB-43FD-8E6C-F9B514D537BD}.Release|Any CPU.Build.0 = Release|Any CPU
		{90BE15E0-430F-4773-BAF7-A614CD846E87}.Debug|Any CPU.ActiveCfg = Debug|Any CPU
		{90BE15E0-430F-4773-BAF7-A614CD846E87}.Debug|Any CPU.Build.0 = Debug|Any CPU
		{90BE15E0-430F-4773-BAF7-A614CD846E87}.Release|Any CPU.ActiveCfg = Release|Any CPU
		{90BE15E0-430F-4773-BAF7-A614CD846E87}.Release|Any CPU.Build.0 = Release|Any CPU
		{13094DDF-F239-493D-923E-298AC8397A5F}.Debug|Any CPU.ActiveCfg = Debug|Any CPU
		{13094DDF-F239-493D-923E-298AC8397A5F}.Debug|Any CPU.Build.0 = Debug|Any CPU
		{13094DDF-F239-493D-923E-298AC8397A5F}.Release|Any CPU.ActiveCfg = Release|Any CPU
		{13094DDF-F239-493D-923E-298AC8397A5F}.Release|Any CPU.Build.0 = Release|Any CPU
		{82C698EF-2E0C-4593-ADF5-D02AA5D73DB7}.Debug|Any CPU.ActiveCfg = Debug|Any CPU
		{82C698EF-2E0C-4593-ADF5-D02AA5D73DB7}.Debug|Any CPU.Build.0 = Debug|Any CPU
		{82C698EF-2E0C-4593-ADF5-D02AA5D73DB7}.Release|Any CPU.ActiveCfg = Release|Any CPU
		{82C698EF-2E0C-4593-ADF5-D02AA5D73DB7}.Release|Any CPU.Build.0 = Release|Any CPU
		{A0BD1AED-A6F4-4EE0-B77B-5C0C0E5FE61B}.Debug|Any CPU.ActiveCfg = Debug|Any CPU
		{A0BD1AED-A6F4-4EE0-B77B-5C0C0E5FE61B}.Debug|Any CPU.Build.0 = Debug|Any CPU
		{A0BD1AED-A6F4-4EE0-B77B-5C0C0E5FE61B}.Release|Any CPU.ActiveCfg = Release|Any CPU
		{A0BD1AED-A6F4-4EE0-B77B-5C0C0E5FE61B}.Release|Any CPU.Build.0 = Release|Any CPU
		{3284BA06-FE38-44AA-B2E7-0B6D427897AD}.Debug|Any CPU.ActiveCfg = Debug|Any CPU
		{3284BA06-FE38-44AA-B2E7-0B6D427897AD}.Debug|Any CPU.Build.0 = Debug|Any CPU
		{3284BA06-FE38-44AA-B2E7-0B6D427897AD}.Release|Any CPU.ActiveCfg = Release|Any CPU
		{3284BA06-FE38-44AA-B2E7-0B6D427897AD}.Release|Any CPU.Build.0 = Release|Any CPU
		{561ED4B1-AB29-47E9-9A27-FED89A0EC079}.Debug|Any CPU.ActiveCfg = Debug|Any CPU
		{561ED4B1-AB29-47E9-9A27-FED89A0EC079}.Debug|Any CPU.Build.0 = Debug|Any CPU
		{561ED4B1-AB29-47E9-9A27-FED89A0EC079}.Release|Any CPU.ActiveCfg = Release|Any CPU
		{561ED4B1-AB29-47E9-9A27-FED89A0EC079}.Release|Any CPU.Build.0 = Release|Any CPU
		{C0BA0548-D924-4C50-8689-01AF5E0DE2EE}.Debug|Any CPU.ActiveCfg = Debug|Any CPU
		{C0BA0548-D924-4C50-8689-01AF5E0DE2EE}.Debug|Any CPU.Build.0 = Debug|Any CPU
		{C0BA0548-D924-4C50-8689-01AF5E0DE2EE}.Release|Any CPU.ActiveCfg = Release|Any CPU
		{C0BA0548-D924-4C50-8689-01AF5E0DE2EE}.Release|Any CPU.Build.0 = Release|Any CPU
		{8A8B8472-101D-41D7-B7EC-48DCBAA778BF}.Debug|Any CPU.ActiveCfg = Debug|Any CPU
		{8A8B8472-101D-41D7-B7EC-48DCBAA778BF}.Debug|Any CPU.Build.0 = Debug|Any CPU
		{8A8B8472-101D-41D7-B7EC-48DCBAA778BF}.Release|Any CPU.ActiveCfg = Release|Any CPU
		{8A8B8472-101D-41D7-B7EC-48DCBAA778BF}.Release|Any CPU.Build.0 = Release|Any CPU
		{3A27FADC-2F1B-4BA2-9031-47208FF541DB}.Debug|Any CPU.ActiveCfg = Debug|Any CPU
		{3A27FADC-2F1B-4BA2-9031-47208FF541DB}.Debug|Any CPU.Build.0 = Debug|Any CPU
		{3A27FADC-2F1B-4BA2-9031-47208FF541DB}.Release|Any CPU.ActiveCfg = Release|Any CPU
		{3A27FADC-2F1B-4BA2-9031-47208FF541DB}.Release|Any CPU.Build.0 = Release|Any CPU
		{971EE991-90B0-4D5D-AE18-00BA961DC508}.Debug|Any CPU.ActiveCfg = Debug|Any CPU
		{971EE991-90B0-4D5D-AE18-00BA961DC508}.Debug|Any CPU.Build.0 = Debug|Any CPU
		{971EE991-90B0-4D5D-AE18-00BA961DC508}.Release|Any CPU.ActiveCfg = Release|Any CPU
		{971EE991-90B0-4D5D-AE18-00BA961DC508}.Release|Any CPU.Build.0 = Release|Any CPU
	EndGlobalSection
	GlobalSection(SolutionProperties) = preSolution
		HideSolutionNode = FALSE
	EndGlobalSection
	GlobalSection(NestedProjects) = preSolution
		{80CE60D9-73A7-4045-8D9E-A3288B35A9C5} = {0859FD13-BC8D-4E7E-AC21-16042DF55F47}
		{380AF497-D2B5-49B2-AA7A-B0D86991B390} = {80CE60D9-73A7-4045-8D9E-A3288B35A9C5}
		{2ACB382A-38FA-49A6-A9CD-212881D3CD37} = {80CE60D9-73A7-4045-8D9E-A3288B35A9C5}
		{B9126B00-5A97-4C7D-B395-755456E5FA28} = {80CE60D9-73A7-4045-8D9E-A3288B35A9C5}
		{C13C821F-CF91-43D1-BBC3-6D0BB62732B5} = {0859FD13-BC8D-4E7E-AC21-16042DF55F47}
		{4545AA51-B436-4D91-BCDE-19AFCB294F5C} = {0859FD13-BC8D-4E7E-AC21-16042DF55F47}
		{70068E07-298E-435C-9623-4141BDEAC4D0} = {0859FD13-BC8D-4E7E-AC21-16042DF55F47}
		{6DDFEDE9-27DA-4A67-80BD-53AFFF7D8A7A} = {0859FD13-BC8D-4E7E-AC21-16042DF55F47}
		{B9E602CC-1A71-40B8-82A2-67761B671302} = {0859FD13-BC8D-4E7E-AC21-16042DF55F47}
		{6B2512CC-50CB-43FD-8E6C-F9B514D537BD} = {377CCB33-AA61-471C-B50E-046C579DAB5C}
		{90BE15E0-430F-4773-BAF7-A614CD846E87} = {377CCB33-AA61-471C-B50E-046C579DAB5C}
		{13094DDF-F239-493D-923E-298AC8397A5F} = {377CCB33-AA61-471C-B50E-046C579DAB5C}
		{82C698EF-2E0C-4593-ADF5-D02AA5D73DB7} = {DE0D9B2C-EAEE-4516-A0AD-8F09E9760FEB}
		{A0BD1AED-A6F4-4EE0-B77B-5C0C0E5FE61B} = {0859FD13-BC8D-4E7E-AC21-16042DF55F47}
		{3284BA06-FE38-44AA-B2E7-0B6D427897AD} = {0859FD13-BC8D-4E7E-AC21-16042DF55F47}
		{561ED4B1-AB29-47E9-9A27-FED89A0EC079} = {377CCB33-AA61-471C-B50E-046C579DAB5C}
		{C0BA0548-D924-4C50-8689-01AF5E0DE2EE} = {DE0D9B2C-EAEE-4516-A0AD-8F09E9760FEB}
		{8A8B8472-101D-41D7-B7EC-48DCBAA778BF} = {377CCB33-AA61-471C-B50E-046C579DAB5C}
		{3A27FADC-2F1B-4BA2-9031-47208FF541DB} = {377CCB33-AA61-471C-B50E-046C579DAB5C}
		{971EE991-90B0-4D5D-AE18-00BA961DC508} = {DE0D9B2C-EAEE-4516-A0AD-8F09E9760FEB}
	EndGlobalSection
EndGlobal
