
Microsoft Visual Studio Solution File, Format Version 12.00
# Visual Studio 14
VisualStudioVersion = 14.0.24720.0
MinimumVisualStudioVersion = 10.0.40219.1
Project("{2150E333-8FDC-42A3-9474-1A3956D46DE8}") = ".paket", ".paket", "{A144B199-CF06-495F-B200-1D0AFF1D3838}"
	ProjectSection(SolutionItems) = preProject
		paket.dependencies = paket.dependencies
	EndProjectSection
EndProject
Project("{2150E333-8FDC-42A3-9474-1A3956D46DE8}") = "Solution Items", "Solution Items", "{15DF677A-5A7D-4926-A06B-83C8B24BD46E}"
	ProjectSection(SolutionItems) = preProject
		paket.lock = paket.lock
		Version.cs = Version.cs
	EndProjectSection
EndProject
Project("{FAE04EC0-301F-11D3-BF4B-00C04F79EFBC}") = "Framework.Tests", "Tests\Framework.Tests.csproj", "{1A506B0D-1D3F-47A8-A3DD-225D35B0CCDF}"
EndProject
Project("{2150E333-8FDC-42A3-9474-1A3956D46DE8}") = "Specifications", "Specifications", "{EC345161-12FD-4BD5-B4BA-EAEF4B83CC4F}"
EndProject
Project("{2150E333-8FDC-42A3-9474-1A3956D46DE8}") = "Paramore", "Paramore", "{FC96758C-4548-4BF4-85AB-13CC2CB4AF07}"
EndProject
Project("{FAE04EC0-301F-11D3-BF4B-00C04F79EFBC}") = "paramore.brighter.serviceactivator", "Paramore\paramore.brighter.serviceactivator\paramore.brighter.serviceactivator.csproj", "{B9126B00-5A97-4C7D-B395-755456E5FA28}"
EndProject
Project("{FAE04EC0-301F-11D3-BF4B-00C04F79EFBC}") = "paramore.brighter.commandprocessor.messaginggateway.rmq", "Paramore\paramore.brighter.commandprocessor.messaginggateway.rmq\paramore.brighter.commandprocessor.messaginggateway.rmq.csproj", "{380AF497-D2B5-49B2-AA7A-B0D86991B390}"
EndProject
Project("{FAE04EC0-301F-11D3-BF4B-00C04F79EFBC}") = "paramore.brighter.commandprocessor", "Paramore\paramore.brighter.commandprocessor\paramore.brighter.commandprocessor.csproj", "{2ACB382A-38FA-49A6-A9CD-212881D3CD37}"
EndProject
Project("{2150E333-8FDC-42A3-9474-1A3956D46DE8}") = "Core", "Core", "{88646293-4CDB-4322-A6D1-0C3F426E0F5C}"
EndProject
Project("{FAE04EC0-301F-11D3-BF4B-00C04F79EFBC}") = "Framework.Integration", "Specifications\Integration\Framework.Integration.csproj", "{0AE15573-C739-48B1-8528-9E841953DADB}"
EndProject
Project("{FAE04EC0-301F-11D3-BF4B-00C04F79EFBC}") = "Framework.Fixtures", "Fixtures\Framework.Fixtures.csproj", "{B9E602CC-1A71-40B8-82A2-67761B671302}"
EndProject
Project("{FAE04EC0-301F-11D3-BF4B-00C04F79EFBC}") = "Framework.Common", "Common\Framework.Common.csproj", "{70068E07-298E-435C-9623-4141BDEAC4D0}"
EndProject
Project("{FAE04EC0-301F-11D3-BF4B-00C04F79EFBC}") = "Framework.Client", "Client\Framework.Client.csproj", "{6DDFEDE9-27DA-4A67-80BD-53AFFF7D8A7A}"
EndProject
Project("{FAE04EC0-301F-11D3-BF4B-00C04F79EFBC}") = "Framework.Infrastructure", "Infrastructure\Framework.Infrastructure.csproj", "{C13C821F-CF91-43D1-BBC3-6D0BB62732B5}"
EndProject
Project("{FAE04EC0-301F-11D3-BF4B-00C04F79EFBC}") = "Framework.Interfaces", "Services\Framework.Interfaces.csproj", "{4545AA51-B436-4D91-BCDE-19AFCB294F5C}"
EndProject
Project("{FAE04EC0-301F-11D3-BF4B-00C04F79EFBC}") = "Framework.Web", "Web\Framework.Web.csproj", "{A0BD1AED-A6F4-4EE0-B77B-5C0C0E5FE61B}"
EndProject
Project("{FAE04EC0-301F-11D3-BF4B-00C04F79EFBC}") = "Tooling", "Tooling\Tooling.csproj", "{E5A43E67-790C-4158-B86D-95930ADDEF26}"
EndProject
Project("{F2A71F9B-5D33-465A-A702-920D77279786}") = "Framework.Events", "Core\Events\Framework.Events.fsproj", "{D9AF4913-ABB5-4E66-B2FD-EB0E925E098E}"
EndProject
Global
	GlobalSection(SolutionConfigurationPlatforms) = preSolution
		Debug|Any CPU = Debug|Any CPU
		Release|Any CPU = Release|Any CPU
	EndGlobalSection
	GlobalSection(ProjectConfigurationPlatforms) = postSolution
		{1A506B0D-1D3F-47A8-A3DD-225D35B0CCDF}.Debug|Any CPU.ActiveCfg = Debug|Any CPU
		{1A506B0D-1D3F-47A8-A3DD-225D35B0CCDF}.Debug|Any CPU.Build.0 = Debug|Any CPU
		{1A506B0D-1D3F-47A8-A3DD-225D35B0CCDF}.Release|Any CPU.ActiveCfg = Release|Any CPU
		{1A506B0D-1D3F-47A8-A3DD-225D35B0CCDF}.Release|Any CPU.Build.0 = Release|Any CPU
		{B9126B00-5A97-4C7D-B395-755456E5FA28}.Debug|Any CPU.ActiveCfg = Debug|Any CPU
		{B9126B00-5A97-4C7D-B395-755456E5FA28}.Debug|Any CPU.Build.0 = Debug|Any CPU
		{B9126B00-5A97-4C7D-B395-755456E5FA28}.Release|Any CPU.ActiveCfg = Release|Any CPU
		{B9126B00-5A97-4C7D-B395-755456E5FA28}.Release|Any CPU.Build.0 = Release|Any CPU
		{380AF497-D2B5-49B2-AA7A-B0D86991B390}.Debug|Any CPU.ActiveCfg = Debug|Any CPU
		{380AF497-D2B5-49B2-AA7A-B0D86991B390}.Debug|Any CPU.Build.0 = Debug|Any CPU
		{380AF497-D2B5-49B2-AA7A-B0D86991B390}.Release|Any CPU.ActiveCfg = Release|Any CPU
		{380AF497-D2B5-49B2-AA7A-B0D86991B390}.Release|Any CPU.Build.0 = Release|Any CPU
		{2ACB382A-38FA-49A6-A9CD-212881D3CD37}.Debug|Any CPU.ActiveCfg = Debug|Any CPU
		{2ACB382A-38FA-49A6-A9CD-212881D3CD37}.Debug|Any CPU.Build.0 = Debug|Any CPU
		{2ACB382A-38FA-49A6-A9CD-212881D3CD37}.Release|Any CPU.ActiveCfg = Release|Any CPU
		{2ACB382A-38FA-49A6-A9CD-212881D3CD37}.Release|Any CPU.Build.0 = Release|Any CPU
		{0AE15573-C739-48B1-8528-9E841953DADB}.Debug|Any CPU.ActiveCfg = Debug|Any CPU
		{0AE15573-C739-48B1-8528-9E841953DADB}.Debug|Any CPU.Build.0 = Debug|Any CPU
		{0AE15573-C739-48B1-8528-9E841953DADB}.Release|Any CPU.ActiveCfg = Release|Any CPU
		{0AE15573-C739-48B1-8528-9E841953DADB}.Release|Any CPU.Build.0 = Release|Any CPU
		{B9E602CC-1A71-40B8-82A2-67761B671302}.Debug|Any CPU.ActiveCfg = Debug|Any CPU
		{B9E602CC-1A71-40B8-82A2-67761B671302}.Debug|Any CPU.Build.0 = Debug|Any CPU
		{B9E602CC-1A71-40B8-82A2-67761B671302}.Release|Any CPU.ActiveCfg = Release|Any CPU
		{B9E602CC-1A71-40B8-82A2-67761B671302}.Release|Any CPU.Build.0 = Release|Any CPU
		{70068E07-298E-435C-9623-4141BDEAC4D0}.Debug|Any CPU.ActiveCfg = Debug|Any CPU
		{70068E07-298E-435C-9623-4141BDEAC4D0}.Debug|Any CPU.Build.0 = Debug|Any CPU
		{70068E07-298E-435C-9623-4141BDEAC4D0}.Release|Any CPU.ActiveCfg = Release|Any CPU
		{70068E07-298E-435C-9623-4141BDEAC4D0}.Release|Any CPU.Build.0 = Release|Any CPU
		{6DDFEDE9-27DA-4A67-80BD-53AFFF7D8A7A}.Debug|Any CPU.ActiveCfg = Debug|Any CPU
		{6DDFEDE9-27DA-4A67-80BD-53AFFF7D8A7A}.Debug|Any CPU.Build.0 = Debug|Any CPU
		{6DDFEDE9-27DA-4A67-80BD-53AFFF7D8A7A}.Release|Any CPU.ActiveCfg = Release|Any CPU
		{6DDFEDE9-27DA-4A67-80BD-53AFFF7D8A7A}.Release|Any CPU.Build.0 = Release|Any CPU
		{C13C821F-CF91-43D1-BBC3-6D0BB62732B5}.Debug|Any CPU.ActiveCfg = Debug|Any CPU
		{C13C821F-CF91-43D1-BBC3-6D0BB62732B5}.Debug|Any CPU.Build.0 = Debug|Any CPU
		{C13C821F-CF91-43D1-BBC3-6D0BB62732B5}.Release|Any CPU.ActiveCfg = Release|Any CPU
		{C13C821F-CF91-43D1-BBC3-6D0BB62732B5}.Release|Any CPU.Build.0 = Release|Any CPU
		{4545AA51-B436-4D91-BCDE-19AFCB294F5C}.Debug|Any CPU.ActiveCfg = Debug|Any CPU
		{4545AA51-B436-4D91-BCDE-19AFCB294F5C}.Debug|Any CPU.Build.0 = Debug|Any CPU
		{4545AA51-B436-4D91-BCDE-19AFCB294F5C}.Release|Any CPU.ActiveCfg = Release|Any CPU
		{4545AA51-B436-4D91-BCDE-19AFCB294F5C}.Release|Any CPU.Build.0 = Release|Any CPU
		{A0BD1AED-A6F4-4EE0-B77B-5C0C0E5FE61B}.Debug|Any CPU.ActiveCfg = Debug|Any CPU
		{A0BD1AED-A6F4-4EE0-B77B-5C0C0E5FE61B}.Debug|Any CPU.Build.0 = Debug|Any CPU
		{A0BD1AED-A6F4-4EE0-B77B-5C0C0E5FE61B}.Release|Any CPU.ActiveCfg = Release|Any CPU
		{A0BD1AED-A6F4-4EE0-B77B-5C0C0E5FE61B}.Release|Any CPU.Build.0 = Release|Any CPU
		{E5A43E67-790C-4158-B86D-95930ADDEF26}.Debug|Any CPU.ActiveCfg = Debug|Any CPU
		{E5A43E67-790C-4158-B86D-95930ADDEF26}.Debug|Any CPU.Build.0 = Debug|Any CPU
		{E5A43E67-790C-4158-B86D-95930ADDEF26}.Release|Any CPU.ActiveCfg = Release|Any CPU
		{E5A43E67-790C-4158-B86D-95930ADDEF26}.Release|Any CPU.Build.0 = Release|Any CPU
		{D9AF4913-ABB5-4E66-B2FD-EB0E925E098E}.Debug|Any CPU.ActiveCfg = Debug|Any CPU
		{D9AF4913-ABB5-4E66-B2FD-EB0E925E098E}.Debug|Any CPU.Build.0 = Debug|Any CPU
		{D9AF4913-ABB5-4E66-B2FD-EB0E925E098E}.Release|Any CPU.ActiveCfg = Release|Any CPU
		{D9AF4913-ABB5-4E66-B2FD-EB0E925E098E}.Release|Any CPU.Build.0 = Release|Any CPU
	EndGlobalSection
	GlobalSection(SolutionProperties) = preSolution
		HideSolutionNode = FALSE
	EndGlobalSection
	GlobalSection(NestedProjects) = preSolution
		{1A506B0D-1D3F-47A8-A3DD-225D35B0CCDF} = {EC345161-12FD-4BD5-B4BA-EAEF4B83CC4F}
		{B9126B00-5A97-4C7D-B395-755456E5FA28} = {FC96758C-4548-4BF4-85AB-13CC2CB4AF07}
		{380AF497-D2B5-49B2-AA7A-B0D86991B390} = {FC96758C-4548-4BF4-85AB-13CC2CB4AF07}
		{2ACB382A-38FA-49A6-A9CD-212881D3CD37} = {FC96758C-4548-4BF4-85AB-13CC2CB4AF07}
		{0AE15573-C739-48B1-8528-9E841953DADB} = {EC345161-12FD-4BD5-B4BA-EAEF4B83CC4F}
		{B9E602CC-1A71-40B8-82A2-67761B671302} = {EC345161-12FD-4BD5-B4BA-EAEF4B83CC4F}
		{70068E07-298E-435C-9623-4141BDEAC4D0} = {88646293-4CDB-4322-A6D1-0C3F426E0F5C}
		{6DDFEDE9-27DA-4A67-80BD-53AFFF7D8A7A} = {88646293-4CDB-4322-A6D1-0C3F426E0F5C}
		{C13C821F-CF91-43D1-BBC3-6D0BB62732B5} = {88646293-4CDB-4322-A6D1-0C3F426E0F5C}
		{4545AA51-B436-4D91-BCDE-19AFCB294F5C} = {88646293-4CDB-4322-A6D1-0C3F426E0F5C}
		{A0BD1AED-A6F4-4EE0-B77B-5C0C0E5FE61B} = {88646293-4CDB-4322-A6D1-0C3F426E0F5C}
		{D9AF4913-ABB5-4E66-B2FD-EB0E925E098E} = {88646293-4CDB-4322-A6D1-0C3F426E0F5C}
	EndGlobalSection
EndGlobal
